// !$*UTF8*$!
{
	archiveVersion = 1;
	classes = {
	};
	objectVersion = 50;
	objects = {

/* Begin PBXBuildFile section */
		F07BC00C23FCDD8F00009D15 /* DJDateListVC.m in Sources */ = {isa = PBXBuildFile; fileRef = F07BC00B23FCDD8F00009D15 /* DJDateListVC.m */; };
		F07BC01023FD0F1F00009D15 /* DJTaskListOfDayVC.m in Sources */ = {isa = PBXBuildFile; fileRef = F07BC00E23FD0F1F00009D15 /* DJTaskListOfDayVC.m */; };
		F07BC01123FD0F1F00009D15 /* DJTaskListOfDayVC.xib in Resources */ = {isa = PBXBuildFile; fileRef = F07BC00F23FD0F1F00009D15 /* DJTaskListOfDayVC.xib */; };
		F07BC01623FD109200009D15 /* DJTaskListTableViewCell.m in Sources */ = {isa = PBXBuildFile; fileRef = F07BC01423FD109200009D15 /* DJTaskListTableViewCell.m */; };
		F07BC01723FD109200009D15 /* DJTaskListTableViewCell.xib in Resources */ = {isa = PBXBuildFile; fileRef = F07BC01523FD109200009D15 /* DJTaskListTableViewCell.xib */; };
		F07BC01B23FD1BA100009D15 /* DJTaskListModel.m in Sources */ = {isa = PBXBuildFile; fileRef = F07BC01A23FD1BA100009D15 /* DJTaskListModel.m */; };
		F07BC02723FE233D00009D15 /* NSDate+DJAdd.m in Sources */ = {isa = PBXBuildFile; fileRef = F07BC02623FE233D00009D15 /* NSDate+DJAdd.m */; };
		F0AF056023FCD9FD0005F522 /* AppDelegate.m in Sources */ = {isa = PBXBuildFile; fileRef = F0AF055F23FCD9FD0005F522 /* AppDelegate.m */; };
		F0AF056323FCD9FD0005F522 /* SceneDelegate.m in Sources */ = {isa = PBXBuildFile; fileRef = F0AF056223FCD9FD0005F522 /* SceneDelegate.m */; };
		F0AF056923FCD9FD0005F522 /* Main.storyboard in Resources */ = {isa = PBXBuildFile; fileRef = F0AF056723FCD9FD0005F522 /* Main.storyboard */; };
		F0AF056C23FCD9FD0005F522 /* DJDailyTasks.xcdatamodeld in Sources */ = {isa = PBXBuildFile; fileRef = F0AF056A23FCD9FD0005F522 /* DJDailyTasks.xcdatamodeld */; };
		F0AF056E23FCD9FE0005F522 /* Assets.xcassets in Resources */ = {isa = PBXBuildFile; fileRef = F0AF056D23FCD9FE0005F522 /* Assets.xcassets */; };
		F0AF057123FCD9FE0005F522 /* LaunchScreen.storyboard in Resources */ = {isa = PBXBuildFile; fileRef = F0AF056F23FCD9FE0005F522 /* LaunchScreen.storyboard */; };
		F0AF057423FCD9FE0005F522 /* main.m in Sources */ = {isa = PBXBuildFile; fileRef = F0AF057323FCD9FE0005F522 /* main.m */; };
/* End PBXBuildFile section */

/* Begin PBXFileReference section */
		F07BC00A23FCDD8F00009D15 /* DJDateListVC.h */ = {isa = PBXFileReference; lastKnownFileType = sourcecode.c.h; path = DJDateListVC.h; sourceTree = "<group>"; };
		F07BC00B23FCDD8F00009D15 /* DJDateListVC.m */ = {isa = PBXFileReference; lastKnownFileType = sourcecode.c.objc; path = DJDateListVC.m; sourceTree = "<group>"; };
		F07BC00D23FD0F1F00009D15 /* DJTaskListOfDayVC.h */ = {isa = PBXFileReference; lastKnownFileType = sourcecode.c.h; path = DJTaskListOfDayVC.h; sourceTree = "<group>"; };
		F07BC00E23FD0F1F00009D15 /* DJTaskListOfDayVC.m */ = {isa = PBXFileReference; lastKnownFileType = sourcecode.c.objc; path = DJTaskListOfDayVC.m; sourceTree = "<group>"; };
		F07BC00F23FD0F1F00009D15 /* DJTaskListOfDayVC.xib */ = {isa = PBXFileReference; lastKnownFileType = file.xib; path = DJTaskListOfDayVC.xib; sourceTree = "<group>"; };
		F07BC01323FD109200009D15 /* DJTaskListTableViewCell.h */ = {isa = PBXFileReference; lastKnownFileType = sourcecode.c.h; path = DJTaskListTableViewCell.h; sourceTree = "<group>"; };
		F07BC01423FD109200009D15 /* DJTaskListTableViewCell.m */ = {isa = PBXFileReference; lastKnownFileType = sourcecode.c.objc; path = DJTaskListTableViewCell.m; sourceTree = "<group>"; };
		F07BC01523FD109200009D15 /* DJTaskListTableViewCell.xib */ = {isa = PBXFileReference; lastKnownFileType = file.xib; path = DJTaskListTableViewCell.xib; sourceTree = "<group>"; };
		F07BC01923FD1BA100009D15 /* DJTaskListModel.h */ = {isa = PBXFileReference; lastKnownFileType = sourcecode.c.h; path = DJTaskListModel.h; sourceTree = "<group>"; };
		F07BC01A23FD1BA100009D15 /* DJTaskListModel.m */ = {isa = PBXFileReference; lastKnownFileType = sourcecode.c.objc; path = DJTaskListModel.m; sourceTree = "<group>"; };
		F07BC02523FE233D00009D15 /* NSDate+DJAdd.h */ = {isa = PBXFileReference; lastKnownFileType = sourcecode.c.h; path = "NSDate+DJAdd.h"; sourceTree = "<group>"; };
		F07BC02623FE233D00009D15 /* NSDate+DJAdd.m */ = {isa = PBXFileReference; lastKnownFileType = sourcecode.c.objc; path = "NSDate+DJAdd.m"; sourceTree = "<group>"; };
		F07BC02823FE23FB00009D15 /* PrefixHeader.pch */ = {isa = PBXFileReference; lastKnownFileType = sourcecode.c.h; path = PrefixHeader.pch; sourceTree = "<group>"; };
		F0AF055B23FCD9FD0005F522 /* DJDailyTasks.app */ = {isa = PBXFileReference; explicitFileType = wrapper.application; includeInIndex = 0; path = DJDailyTasks.app; sourceTree = BUILT_PRODUCTS_DIR; };
		F0AF055E23FCD9FD0005F522 /* AppDelegate.h */ = {isa = PBXFileReference; lastKnownFileType = sourcecode.c.h; path = AppDelegate.h; sourceTree = "<group>"; };
		F0AF055F23FCD9FD0005F522 /* AppDelegate.m */ = {isa = PBXFileReference; lastKnownFileType = sourcecode.c.objc; path = AppDelegate.m; sourceTree = "<group>"; };
		F0AF056123FCD9FD0005F522 /* SceneDelegate.h */ = {isa = PBXFileReference; lastKnownFileType = sourcecode.c.h; path = SceneDelegate.h; sourceTree = "<group>"; };
		F0AF056223FCD9FD0005F522 /* SceneDelegate.m */ = {isa = PBXFileReference; lastKnownFileType = sourcecode.c.objc; path = SceneDelegate.m; sourceTree = "<group>"; };
		F0AF056823FCD9FD0005F522 /* Base */ = {isa = PBXFileReference; lastKnownFileType = file.storyboard; name = Base; path = Base.lproj/Main.storyboard; sourceTree = "<group>"; };
		F0AF056B23FCD9FD0005F522 /* DJDailyTasks.xcdatamodel */ = {isa = PBXFileReference; lastKnownFileType = wrapper.xcdatamodel; path = DJDailyTasks.xcdatamodel; sourceTree = "<group>"; };
		F0AF056D23FCD9FE0005F522 /* Assets.xcassets */ = {isa = PBXFileReference; lastKnownFileType = folder.assetcatalog; path = Assets.xcassets; sourceTree = "<group>"; };
		F0AF057023FCD9FE0005F522 /* Base */ = {isa = PBXFileReference; lastKnownFileType = file.storyboard; name = Base; path = Base.lproj/LaunchScreen.storyboard; sourceTree = "<group>"; };
		F0AF057223FCD9FE0005F522 /* Info.plist */ = {isa = PBXFileReference; lastKnownFileType = text.plist.xml; path = Info.plist; sourceTree = "<group>"; };
		F0AF057323FCD9FE0005F522 /* main.m */ = {isa = PBXFileReference; lastKnownFileType = sourcecode.c.objc; path = main.m; sourceTree = "<group>"; };
/* End PBXFileReference section */

/* Begin PBXFrameworksBuildPhase section */
		F0AF055823FCD9FD0005F522 /* Frameworks */ = {
			isa = PBXFrameworksBuildPhase;
			buildActionMask = 2147483647;
			files = (
			);
			runOnlyForDeploymentPostprocessing = 0;
		};
/* End PBXFrameworksBuildPhase section */

/* Begin PBXGroup section */
		F07BC00823FCDD4800009D15 /* New Group */ = {
			isa = PBXGroup;
			children = (
				F07BC01823FD1B8300009D15 /* Model */,
				F07BC01223FD104700009D15 /* View */,
				F07BC00A23FCDD8F00009D15 /* DJDateListVC.h */,
				F07BC00B23FCDD8F00009D15 /* DJDateListVC.m */,
				F07BC00D23FD0F1F00009D15 /* DJTaskListOfDayVC.h */,
				F07BC00E23FD0F1F00009D15 /* DJTaskListOfDayVC.m */,
				F07BC00F23FD0F1F00009D15 /* DJTaskListOfDayVC.xib */,
			);
			path = "New Group";
			sourceTree = "<group>";
		};
		F07BC00923FCDD5800009D15 /* New Group1 */ = {
			isa = PBXGroup;
			children = (
			);
			path = "New Group1";
			sourceTree = "<group>";
		};
		F07BC01223FD104700009D15 /* View */ = {
			isa = PBXGroup;
			children = (
				F07BC01323FD109200009D15 /* DJTaskListTableViewCell.h */,
				F07BC01423FD109200009D15 /* DJTaskListTableViewCell.m */,
				F07BC01523FD109200009D15 /* DJTaskListTableViewCell.xib */,
			);
			path = View;
			sourceTree = "<group>";
		};
		F07BC01823FD1B8300009D15 /* Model */ = {
			isa = PBXGroup;
			children = (
				F07BC01923FD1BA100009D15 /* DJTaskListModel.h */,
				F07BC01A23FD1BA100009D15 /* DJTaskListModel.m */,
			);
			path = Model;
			sourceTree = "<group>";
		};
		F07BC02223FE230000009D15 /* DJKit */ = {
			isa = PBXGroup;
			children = (
				F07BC02323FE231400009D15 /* Base */,
			);
			path = DJKit;
			sourceTree = "<group>";
		};
		F07BC02323FE231400009D15 /* Base */ = {
			isa = PBXGroup;
			children = (
				F07BC02423FE232200009D15 /* Foundation */,
			);
			path = Base;
			sourceTree = "<group>";
		};
		F07BC02423FE232200009D15 /* Foundation */ = {
			isa = PBXGroup;
			children = (
				F07BC02523FE233D00009D15 /* NSDate+DJAdd.h */,
				F07BC02623FE233D00009D15 /* NSDate+DJAdd.m */,
			);
			path = Foundation;
			sourceTree = "<group>";
		};
		F0AF055223FCD9FD0005F522 = {
			isa = PBXGroup;
			children = (
				F07BC02223FE230000009D15 /* DJKit */,
				F0AF055D23FCD9FD0005F522 /* DJDailyTasks */,
				F0AF055C23FCD9FD0005F522 /* Products */,
			);
			sourceTree = "<group>";
		};
		F0AF055C23FCD9FD0005F522 /* Products */ = {
			isa = PBXGroup;
			children = (
				F0AF055B23FCD9FD0005F522 /* DJDailyTasks.app */,
			);
			name = Products;
			sourceTree = "<group>";
		};
		F0AF055D23FCD9FD0005F522 /* DJDailyTasks */ = {
			isa = PBXGroup;
			children = (
				F07BC00923FCDD5800009D15 /* New Group1 */,
				F07BC00823FCDD4800009D15 /* New Group */,
				F0AF055E23FCD9FD0005F522 /* AppDelegate.h */,
				F0AF055F23FCD9FD0005F522 /* AppDelegate.m */,
				F0AF056123FCD9FD0005F522 /* SceneDelegate.h */,
				F07BC02823FE23FB00009D15 /* PrefixHeader.pch */,
				F0AF056223FCD9FD0005F522 /* SceneDelegate.m */,
				F0AF056723FCD9FD0005F522 /* Main.storyboard */,
				F0AF056D23FCD9FE0005F522 /* Assets.xcassets */,
				F0AF056F23FCD9FE0005F522 /* LaunchScreen.storyboard */,
				F0AF057223FCD9FE0005F522 /* Info.plist */,
				F0AF057323FCD9FE0005F522 /* main.m */,
				F0AF056A23FCD9FD0005F522 /* DJDailyTasks.xcdatamodeld */,
			);
			path = DJDailyTasks;
			sourceTree = "<group>";
		};
/* End PBXGroup section */

/* Begin PBXNativeTarget section */
		F0AF055A23FCD9FD0005F522 /* DJDailyTasks */ = {
			isa = PBXNativeTarget;
			buildConfigurationList = F0AF057723FCD9FE0005F522 /* Build configuration list for PBXNativeTarget "DJDailyTasks" */;
			buildPhases = (
				F0AF055723FCD9FD0005F522 /* Sources */,
				F0AF055823FCD9FD0005F522 /* Frameworks */,
				F0AF055923FCD9FD0005F522 /* Resources */,
			);
			buildRules = (
			);
			dependencies = (
			);
			name = DJDailyTasks;
			productName = DJDailyTasks;
			productReference = F0AF055B23FCD9FD0005F522 /* DJDailyTasks.app */;
			productType = "com.apple.product-type.application";
		};
/* End PBXNativeTarget section */

/* Begin PBXProject section */
		F0AF055323FCD9FD0005F522 /* Project object */ = {
			isa = PBXProject;
			attributes = {
				LastUpgradeCheck = 1130;
				ORGANIZATIONNAME = dingjianjaja;
				TargetAttributes = {
					F0AF055A23FCD9FD0005F522 = {
						CreatedOnToolsVersion = 11.3.1;
					};
				};
			};
			buildConfigurationList = F0AF055623FCD9FD0005F522 /* Build configuration list for PBXProject "DJDailyTasks" */;
			compatibilityVersion = "Xcode 9.3";
			developmentRegion = en;
			hasScannedForEncodings = 0;
			knownRegions = (
				en,
				Base,
			);
			mainGroup = F0AF055223FCD9FD0005F522;
			productRefGroup = F0AF055C23FCD9FD0005F522 /* Products */;
			projectDirPath = "";
			projectRoot = "";
			targets = (
				F0AF055A23FCD9FD0005F522 /* DJDailyTasks */,
			);
		};
/* End PBXProject section */

/* Begin PBXResourcesBuildPhase section */
		F0AF055923FCD9FD0005F522 /* Resources */ = {
			isa = PBXResourcesBuildPhase;
			buildActionMask = 2147483647;
			files = (
				F0AF057123FCD9FE0005F522 /* LaunchScreen.storyboard in Resources */,
				F07BC01723FD109200009D15 /* DJTaskListTableViewCell.xib in Resources */,
				F0AF056E23FCD9FE0005F522 /* Assets.xcassets in Resources */,
				F0AF056923FCD9FD0005F522 /* Main.storyboard in Resources */,
				F07BC01123FD0F1F00009D15 /* DJTaskListOfDayVC.xib in Resources */,
			);
			runOnlyForDeploymentPostprocessing = 0;
		};
/* End PBXResourcesBuildPhase section */

/* Begin PBXSourcesBuildPhase section */
		F0AF055723FCD9FD0005F522 /* Sources */ = {
			isa = PBXSourcesBuildPhase;
			buildActionMask = 2147483647;
			files = (
				F07BC02723FE233D00009D15 /* NSDate+DJAdd.m in Sources */,
				F0AF057423FCD9FE0005F522 /* main.m in Sources */,
				F0AF056C23FCD9FD0005F522 /* DJDailyTasks.xcdatamodeld in Sources */,
				F07BC01B23FD1BA100009D15 /* DJTaskListModel.m in Sources */,
				F07BC00C23FCDD8F00009D15 /* DJDateListVC.m in Sources */,
				F0AF056023FCD9FD0005F522 /* AppDelegate.m in Sources */,
				F0AF056323FCD9FD0005F522 /* SceneDelegate.m in Sources */,
				F07BC01623FD109200009D15 /* DJTaskListTableViewCell.m in Sources */,
				F07BC01023FD0F1F00009D15 /* DJTaskListOfDayVC.m in Sources */,
			);
			runOnlyForDeploymentPostprocessing = 0;
		};
/* End PBXSourcesBuildPhase section */

/* Begin PBXVariantGroup section */
		F0AF056723FCD9FD0005F522 /* Main.storyboard */ = {
			isa = PBXVariantGroup;
			children = (
				F0AF056823FCD9FD0005F522 /* Base */,
			);
			name = Main.storyboard;
			sourceTree = "<group>";
		};
		F0AF056F23FCD9FE0005F522 /* LaunchScreen.storyboard */ = {
			isa = PBXVariantGroup;
			children = (
				F0AF057023FCD9FE0005F522 /* Base */,
			);
			name = LaunchScreen.storyboard;
			sourceTree = "<group>";
		};
/* End PBXVariantGroup section */

/* Begin XCBuildConfiguration section */
		F0AF057523FCD9FE0005F522 /* Debug */ = {
			isa = XCBuildConfiguration;
			buildSettings = {
				ALWAYS_SEARCH_USER_PATHS = NO;
				CLANG_ANALYZER_NONNULL = YES;
				CLANG_ANALYZER_NUMBER_OBJECT_CONVERSION = YES_AGGRESSIVE;
				CLANG_CXX_LANGUAGE_STANDARD = "gnu++14";
				CLANG_CXX_LIBRARY = "libc++";
				CLANG_ENABLE_MODULES = YES;
				CLANG_ENABLE_OBJC_ARC = YES;
				CLANG_ENABLE_OBJC_WEAK = YES;
				CLANG_WARN_BLOCK_CAPTURE_AUTORELEASING = YES;
				CLANG_WARN_BOOL_CONVERSION = YES;
				CLANG_WARN_COMMA = YES;
				CLANG_WARN_CONSTANT_CONVERSION = YES;
				CLANG_WARN_DEPRECATED_OBJC_IMPLEMENTATIONS = YES;
				CLANG_WARN_DIRECT_OBJC_ISA_USAGE = YES_ERROR;
				CLANG_WARN_DOCUMENTATION_COMMENTS = YES;
				CLANG_WARN_EMPTY_BODY = YES;
				CLANG_WARN_ENUM_CONVERSION = YES;
				CLANG_WARN_INFINITE_RECURSION = YES;
				CLANG_WARN_INT_CONVERSION = YES;
				CLANG_WARN_NON_LITERAL_NULL_CONVERSION = YES;
				CLANG_WARN_OBJC_IMPLICIT_RETAIN_SELF = YES;
				CLANG_WARN_OBJC_LITERAL_CONVERSION = YES;
				CLANG_WARN_OBJC_ROOT_CLASS = YES_ERROR;
				CLANG_WARN_RANGE_LOOP_ANALYSIS = YES;
				CLANG_WARN_STRICT_PROTOTYPES = YES;
				CLANG_WARN_SUSPICIOUS_MOVE = YES;
				CLANG_WARN_UNGUARDED_AVAILABILITY = YES_AGGRESSIVE;
				CLANG_WARN_UNREACHABLE_CODE = YES;
				CLANG_WARN__DUPLICATE_METHOD_MATCH = YES;
				COPY_PHASE_STRIP = NO;
				DEBUG_INFORMATION_FORMAT = dwarf;
				ENABLE_STRICT_OBJC_MSGSEND = YES;
				ENABLE_TESTABILITY = YES;
				GCC_C_LANGUAGE_STANDARD = gnu11;
				GCC_DYNAMIC_NO_PIC = NO;
				GCC_INCREASE_PRECOMPILED_HEADER_SHARING = NO;
				GCC_NO_COMMON_BLOCKS = YES;
				GCC_OPTIMIZATION_LEVEL = 0;
				GCC_PRECOMPILE_PREFIX_HEADER = YES;
				GCC_PREFIX_HEADER = PrefixHeader.pch;
				GCC_PREPROCESSOR_DEFINITIONS = (
					"DEBUG=1",
					"$(inherited)",
				);
				GCC_WARN_64_TO_32_BIT_CONVERSION = YES;
				GCC_WARN_ABOUT_RETURN_TYPE = YES_ERROR;
				GCC_WARN_UNDECLARED_SELECTOR = YES;
				GCC_WARN_UNINITIALIZED_AUTOS = YES_AGGRESSIVE;
				GCC_WARN_UNUSED_FUNCTION = YES;
				GCC_WARN_UNUSED_VARIABLE = YES;
				IPHONEOS_DEPLOYMENT_TARGET = 13.2;
				MTL_ENABLE_DEBUG_INFO = INCLUDE_SOURCE;
				MTL_FAST_MATH = YES;
				ONLY_ACTIVE_ARCH = YES;
				SDKROOT = iphoneos;
			};
			name = Debug;
		};
		F0AF057623FCD9FE0005F522 /* Release */ = {
			isa = XCBuildConfiguration;
			buildSettings = {
				ALWAYS_SEARCH_USER_PATHS = NO;
				CLANG_ANALYZER_NONNULL = YES;
				CLANG_ANALYZER_NUMBER_OBJECT_CONVERSION = YES_AGGRESSIVE;
				CLANG_CXX_LANGUAGE_STANDARD = "gnu++14";
				CLANG_CXX_LIBRARY = "libc++";
				CLANG_ENABLE_MODULES = YES;
				CLANG_ENABLE_OBJC_ARC = YES;
				CLANG_ENABLE_OBJC_WEAK = YES;
				CLANG_WARN_BLOCK_CAPTURE_AUTORELEASING = YES;
				CLANG_WARN_BOOL_CONVERSION = YES;
				CLANG_WARN_COMMA = YES;
				CLANG_WARN_CONSTANT_CONVERSION = YES;
				CLANG_WARN_DEPRECATED_OBJC_IMPLEMENTATIONS = YES;
				CLANG_WARN_DIRECT_OBJC_ISA_USAGE = YES_ERROR;
				CLANG_WARN_DOCUMENTATION_COMMENTS = YES;
				CLANG_WARN_EMPTY_BODY = YES;
				CLANG_WARN_ENUM_CONVERSION = YES;
				CLANG_WARN_INFINITE_RECURSION = YES;
				CLANG_WARN_INT_CONVERSION = YES;
				CLANG_WARN_NON_LITERAL_NULL_CONVERSION = YES;
				CLANG_WARN_OBJC_IMPLICIT_RETAIN_SELF = YES;
				CLANG_WARN_OBJC_LITERAL_CONVERSION = YES;
				CLANG_WARN_OBJC_ROOT_CLASS = YES_ERROR;
				CLANG_WARN_RANGE_LOOP_ANALYSIS = YES;
				CLANG_WARN_STRICT_PROTOTYPES = YES;
				CLANG_WARN_SUSPICIOUS_MOVE = YES;
				CLANG_WARN_UNGUARDED_AVAILABILITY = YES_AGGRESSIVE;
				CLANG_WARN_UNREACHABLE_CODE = YES;
				CLANG_WARN__DUPLICATE_METHOD_MATCH = YES;
				COPY_PHASE_STRIP = NO;
				DEBUG_INFORMATION_FORMAT = "dwarf-with-dsym";
				ENABLE_NS_ASSERTIONS = NO;
				ENABLE_STRICT_OBJC_MSGSEND = YES;
				GCC_C_LANGUAGE_STANDARD = gnu11;
				GCC_INCREASE_PRECOMPILED_HEADER_SHARING = NO;
				GCC_NO_COMMON_BLOCKS = YES;
				GCC_PRECOMPILE_PREFIX_HEADER = YES;
				GCC_PREFIX_HEADER = PrefixHeader.pch;
				GCC_WARN_64_TO_32_BIT_CONVERSION = YES;
				GCC_WARN_ABOUT_RETURN_TYPE = YES_ERROR;
				GCC_WARN_UNDECLARED_SELECTOR = YES;
				GCC_WARN_UNINITIALIZED_AUTOS = YES_AGGRESSIVE;
				GCC_WARN_UNUSED_FUNCTION = YES;
				GCC_WARN_UNUSED_VARIABLE = YES;
				IPHONEOS_DEPLOYMENT_TARGET = 13.2;
				MTL_ENABLE_DEBUG_INFO = NO;
				MTL_FAST_MATH = YES;
				SDKROOT = iphoneos;
				VALIDATE_PRODUCT = YES;
			};
			name = Release;
		};
		F0AF057823FCD9FE0005F522 /* Debug */ = {
			isa = XCBuildConfiguration;
			buildSettings = {
				ASSETCATALOG_COMPILER_APPICON_NAME = AppIcon;
				CODE_SIGN_STYLE = Automatic;
				DEVELOPMENT_TEAM = 6YB452KDQY;
				GCC_INCREASE_PRECOMPILED_HEADER_SHARING = NO;
				GCC_PREFIX_HEADER = DJDailyTasks/PrefixHeader.pch;
				INFOPLIST_FILE = DJDailyTasks/Info.plist;
				IPHONEOS_DEPLOYMENT_TARGET = 11.0;
				LD_RUNPATH_SEARCH_PATHS = (
					"$(inherited)",
					"@executable_path/Frameworks",
				);
				PRODUCT_BUNDLE_IDENTIFIER = com.tyicd.DJDailyTasks01;
				PRODUCT_NAME = "$(TARGET_NAME)";
				TARGETED_DEVICE_FAMILY = "1,2";
			};
			name = Debug;
		};
		F0AF057923FCD9FE0005F522 /* Release */ = {
			isa = XCBuildConfiguration;
			buildSettings = {
				ASSETCATALOG_COMPILER_APPICON_NAME = AppIcon;
				CODE_SIGN_STYLE = Automatic;
				DEVELOPMENT_TEAM = 6YB452KDQY;
				GCC_INCREASE_PRECOMPILED_HEADER_SHARING = NO;
				GCC_PREFIX_HEADER = DJDailyTasks/PrefixHeader.pch;
				INFOPLIST_FILE = DJDailyTasks/Info.plist;
				IPHONEOS_DEPLOYMENT_TARGET = 11.0;
				LD_RUNPATH_SEARCH_PATHS = (
					"$(inherited)",
					"@executable_path/Frameworks",
				);
				PRODUCT_BUNDLE_IDENTIFIER = com.tyicd.DJDailyTasks01;
				PRODUCT_NAME = "$(TARGET_NAME)";
				TARGETED_DEVICE_FAMILY = "1,2";
			};
			name = Release;
		};
/* End XCBuildConfiguration section */

/* Begin XCConfigurationList section */
		F0AF055623FCD9FD0005F522 /* Build configuration list for PBXProject "DJDailyTasks" */ = {
			isa = XCConfigurationList;
			buildConfigurations = (
				F0AF057523FCD9FE0005F522 /* Debug */,
				F0AF057623FCD9FE0005F522 /* Release */,
			);
			defaultConfigurationIsVisible = 0;
			defaultConfigurationName = Release;
		};
		F0AF057723FCD9FE0005F522 /* Build configuration list for PBXNativeTarget "DJDailyTasks" */ = {
			isa = XCConfigurationList;
			buildConfigurations = (
				F0AF057823FCD9FE0005F522 /* Debug */,
				F0AF057923FCD9FE0005F522 /* Release */,
			);
			defaultConfigurationIsVisible = 0;
			defaultConfigurationName = Release;
		};
/* End XCConfigurationList section */

/* Begin XCVersionGroup section */
		F0AF056A23FCD9FD0005F522 /* DJDailyTasks.xcdatamodeld */ = {
			isa = XCVersionGroup;
			children = (
				F0AF056B23FCD9FD0005F522 /* DJDailyTasks.xcdatamodel */,
			);
			currentVersion = F0AF056B23FCD9FD0005F522 /* DJDailyTasks.xcdatamodel */;
			path = DJDailyTasks.xcdatamodeld;
			sourceTree = "<group>";
			versionGroupType = wrapper.xcdatamodel;
		};
/* End XCVersionGroup section */
	};
	rootObject = F0AF055323FCD9FD0005F522 /* Project object */;
}
