// !$*UTF8*$!
{
	archiveVersion = 1;
	classes = {
	};
	objectVersion = 50;
	objects = {

/* Begin PBXBuildFile section */
		F00B389B242C7FB200FD0524 /* DJGlobalData.m in Sources */ = {isa = PBXBuildFile; fileRef = F00B389A242C7FB200FD0524 /* DJGlobalData.m */; };
		F039CC6424346BDB00D5EF13 /* DJLineChartVC.m in Sources */ = {isa = PBXBuildFile; fileRef = F039CC6224346BDB00D5EF13 /* DJLineChartVC.m */; };
		F039CC6524346BDB00D5EF13 /* DJLineChartVC.xib in Resources */ = {isa = PBXBuildFile; fileRef = F039CC6324346BDB00D5EF13 /* DJLineChartVC.xib */; };
		F039CC6924346DC300D5EF13 /* DJLineView.m in Sources */ = {isa = PBXBuildFile; fileRef = F039CC6724346C0900D5EF13 /* DJLineView.m */; };
		F039CC6C24346E4200D5EF13 /* UIBezierPath+curved.m in Sources */ = {isa = PBXBuildFile; fileRef = F039CC6A24346E4200D5EF13 /* UIBezierPath+curved.m */; };
		F039CC722435DFC400D5EF13 /* KLineTipBoardView.m in Sources */ = {isa = PBXBuildFile; fileRef = F039CC712435DFC400D5EF13 /* KLineTipBoardView.m */; };
		F039CC752435E07D00D5EF13 /* TipBoardView.m in Sources */ = {isa = PBXBuildFile; fileRef = F039CC732435E07C00D5EF13 /* TipBoardView.m */; };
		F042A098242DF19D00F6270A /* SystemSoundTestVC.m in Sources */ = {isa = PBXBuildFile; fileRef = F042A096242DF19D00F6270A /* SystemSoundTestVC.m */; };
		F042A099242DF19D00F6270A /* SystemSoundTestVC.xib in Resources */ = {isa = PBXBuildFile; fileRef = F042A097242DF19D00F6270A /* SystemSoundTestVC.xib */; };
		F04C52D42413F2E400F91A88 /* SSCache.m in Sources */ = {isa = PBXBuildFile; fileRef = F04C52782413F2E300F91A88 /* SSCache.m */; };
		F04C52D52413F2E400F91A88 /* SSMonthNode.m in Sources */ = {isa = PBXBuildFile; fileRef = F04C52792413F2E300F91A88 /* SSMonthNode.m */; };
		F04C52D62413F2E400F91A88 /* SSEvent.m in Sources */ = {isa = PBXBuildFile; fileRef = F04C527A2413F2E400F91A88 /* SSEvent.m */; };
		F04C52D72413F2E400F91A88 /* SSDayNode.m in Sources */ = {isa = PBXBuildFile; fileRef = F04C527E2413F2E400F91A88 /* SSDayNode.m */; };
		F04C52D82413F2E400F91A88 /* SSCalendarCountCache.m in Sources */ = {isa = PBXBuildFile; fileRef = F04C52812413F2E400F91A88 /* SSCalendarCountCache.m */; };
		F04C52D92413F2E400F91A88 /* SSYearNode.m in Sources */ = {isa = PBXBuildFile; fileRef = F04C52832413F2E400F91A88 /* SSYearNode.m */; };
		F04C52DA2413F2E400F91A88 /* SSCalendarCache.m in Sources */ = {isa = PBXBuildFile; fileRef = F04C52842413F2E400F91A88 /* SSCalendarCache.m */; };
		F04C52DB2413F2E400F91A88 /* SSCalendarMonthlyViewController.xib in Resources */ = {isa = PBXBuildFile; fileRef = F04C52892413F2E400F91A88 /* SSCalendarMonthlyViewController.xib */; };
		F04C52DC2413F2E400F91A88 /* SSCalendarMonthlyViewController.m in Sources */ = {isa = PBXBuildFile; fileRef = F04C528A2413F2E400F91A88 /* SSCalendarMonthlyViewController.m */; };
		F04C52DD2413F2E400F91A88 /* SSCalendarMonthlyLayout.m in Sources */ = {isa = PBXBuildFile; fileRef = F04C528C2413F2E400F91A88 /* SSCalendarMonthlyLayout.m */; };
		F04C52DE2413F2E400F91A88 /* SSCalendarMonthlyDataSource.m in Sources */ = {isa = PBXBuildFile; fileRef = F04C528F2413F2E400F91A88 /* SSCalendarMonthlyDataSource.m */; };
		F04C52DF2413F2E400F91A88 /* SSCalendarMonthlyHeaderView.m in Sources */ = {isa = PBXBuildFile; fileRef = F04C52922413F2E400F91A88 /* SSCalendarMonthlyHeaderView.m */; };
		F04C52E02413F2E400F91A88 /* SSCalendarMonthlyHeaderView.xib in Resources */ = {isa = PBXBuildFile; fileRef = F04C52942413F2E400F91A88 /* SSCalendarMonthlyHeaderView.xib */; };
		F04C52E12413F2E400F91A88 /* SSCalendarAnnualCell.xib in Resources */ = {isa = PBXBuildFile; fileRef = F04C52972413F2E400F91A88 /* SSCalendarAnnualCell.xib */; };
		F04C52E22413F2E400F91A88 /* SSCalendarAnnualCell.m in Sources */ = {isa = PBXBuildFile; fileRef = F04C52982413F2E400F91A88 /* SSCalendarAnnualCell.m */; };
		F04C52E32413F2E400F91A88 /* SSCalendarAnnualViewController.m in Sources */ = {isa = PBXBuildFile; fileRef = F04C529B2413F2E400F91A88 /* SSCalendarAnnualViewController.m */; };
		F04C52E42413F2E400F91A88 /* SSCalendarAnnualViewController.xib in Resources */ = {isa = PBXBuildFile; fileRef = F04C529D2413F2E400F91A88 /* SSCalendarAnnualViewController.xib */; };
		F04C52E52413F2E400F91A88 /* SSCalendarAnnualLayout.m in Sources */ = {isa = PBXBuildFile; fileRef = F04C52A02413F2E400F91A88 /* SSCalendarAnnualLayout.m */; };
		F04C52E62413F2E400F91A88 /* SSCalendarAnnualDataSource.m in Sources */ = {isa = PBXBuildFile; fileRef = F04C52A22413F2E400F91A88 /* SSCalendarAnnualDataSource.m */; };
		F04C52E72413F2E400F91A88 /* SSCalendarAnnualHeaderView.m in Sources */ = {isa = PBXBuildFile; fileRef = F04C52A52413F2E400F91A88 /* SSCalendarAnnualHeaderView.m */; };
		F04C52E82413F2E400F91A88 /* SSCalendarAnnualHeaderView.xib in Resources */ = {isa = PBXBuildFile; fileRef = F04C52A72413F2E400F91A88 /* SSCalendarAnnualHeaderView.xib */; };
		F04C52E92413F2E400F91A88 /* SSCalendarEventsCell.xib in Resources */ = {isa = PBXBuildFile; fileRef = F04C52AC2413F2E400F91A88 /* SSCalendarEventsCell.xib */; };
		F04C52EA2413F2E400F91A88 /* SSCalendarEventsCell.m in Sources */ = {isa = PBXBuildFile; fileRef = F04C52AD2413F2E400F91A88 /* SSCalendarEventsCell.m */; };
		F04C52EB2413F2E400F91A88 /* SSCalendarEventTableViewCell.m in Sources */ = {isa = PBXBuildFile; fileRef = F04C52AE2413F2E400F91A88 /* SSCalendarEventTableViewCell.m */; };
		F04C52EC2413F2E400F91A88 /* SSCalendarDailyViewController.xib in Resources */ = {isa = PBXBuildFile; fileRef = F04C52B12413F2E400F91A88 /* SSCalendarDailyViewController.xib */; };
		F04C52ED2413F2E400F91A88 /* SSCalendarDailyViewController.m in Sources */ = {isa = PBXBuildFile; fileRef = F04C52B22413F2E400F91A88 /* SSCalendarDailyViewController.m */; };
		F04C52EE2413F2E400F91A88 /* SSCalendarWeekLayout.m in Sources */ = {isa = PBXBuildFile; fileRef = F04C52B42413F2E400F91A88 /* SSCalendarWeekLayout.m */; };
		F04C52EF2413F2E400F91A88 /* SSCalendarDayLayout.m in Sources */ = {isa = PBXBuildFile; fileRef = F04C52B52413F2E400F91A88 /* SSCalendarDayLayout.m */; };
		F04C52F02413F2E400F91A88 /* SSCalendarWeekViewController.m in Sources */ = {isa = PBXBuildFile; fileRef = F04C52B92413F2E400F91A88 /* SSCalendarWeekViewController.m */; };
		F04C52F12413F2E400F91A88 /* SSCalendarWeekHeaderView.m in Sources */ = {isa = PBXBuildFile; fileRef = F04C52BB2413F2E400F91A88 /* SSCalendarWeekHeaderView.m */; };
		F04C52F22413F2E400F91A88 /* SSCalendarDayViewController.m in Sources */ = {isa = PBXBuildFile; fileRef = F04C52BE2413F2E400F91A88 /* SSCalendarDayViewController.m */; };
		F04C52F32413F2E400F91A88 /* SSCalendarEventsTableViewController.m in Sources */ = {isa = PBXBuildFile; fileRef = F04C52BF2413F2E400F91A88 /* SSCalendarEventsTableViewController.m */; };
		F04C52F42413F2E400F91A88 /* SSCalendarDayCell.m in Sources */ = {isa = PBXBuildFile; fileRef = F04C52C22413F2E400F91A88 /* SSCalendarDayCell.m */; };
		F04C52F52413F2E400F91A88 /* SSCalendarDayCell.xib in Resources */ = {isa = PBXBuildFile; fileRef = F04C52C32413F2E400F91A88 /* SSCalendarDayCell.xib */; };
		F04C52F62413F2E400F91A88 /* StellarConversionUtils.m in Sources */ = {isa = PBXBuildFile; fileRef = F04C52C72413F2E400F91A88 /* StellarConversionUtils.m */; };
		F04C52F72413F2E400F91A88 /* SSStyles.m in Sources */ = {isa = PBXBuildFile; fileRef = F04C52C92413F2E400F91A88 /* SSStyles.m */; };
		F04C52F82413F2E400F91A88 /* UIColor+StellarAdditions.m in Sources */ = {isa = PBXBuildFile; fileRef = F04C52CA2413F2E400F91A88 /* UIColor+StellarAdditions.m */; };
		F04C52F92413F2E400F91A88 /* SSDimensions.m in Sources */ = {isa = PBXBuildFile; fileRef = F04C52CB2413F2E400F91A88 /* SSDimensions.m */; };
		F04C52FA2413F2E400F91A88 /* SSDataController.m in Sources */ = {isa = PBXBuildFile; fileRef = F04C52CE2413F2E400F91A88 /* SSDataController.m */; };
		F04C52FB2413F2E400F91A88 /* SSCalendarUtils.m in Sources */ = {isa = PBXBuildFile; fileRef = F04C52CF2413F2E400F91A88 /* SSCalendarUtils.m */; };
		F061DA3D24299F8C00081797 /* DJAirdropVC.m in Sources */ = {isa = PBXBuildFile; fileRef = F061DA3B24299F8B00081797 /* DJAirdropVC.m */; };
		F061DA3E24299F8C00081797 /* DJAirdropVC.xib in Resources */ = {isa = PBXBuildFile; fileRef = F061DA3C24299F8B00081797 /* DJAirdropVC.xib */; };
		F061DA572429A08F00081797 /* MJPropertyType.m in Sources */ = {isa = PBXBuildFile; fileRef = F061DA442429A08F00081797 /* MJPropertyType.m */; };
		F061DA582429A08F00081797 /* NSObject+MJKeyValue.m in Sources */ = {isa = PBXBuildFile; fileRef = F061DA472429A08F00081797 /* NSObject+MJKeyValue.m */; };
		F061DA592429A08F00081797 /* MJProperty.m in Sources */ = {isa = PBXBuildFile; fileRef = F061DA482429A08F00081797 /* MJProperty.m */; };
		F061DA5A2429A08F00081797 /* NSObject+MJCoding.m in Sources */ = {isa = PBXBuildFile; fileRef = F061DA4A2429A08F00081797 /* NSObject+MJCoding.m */; };
		F061DA5B2429A08F00081797 /* MJExtensionConst.m in Sources */ = {isa = PBXBuildFile; fileRef = F061DA4C2429A08F00081797 /* MJExtensionConst.m */; };
		F061DA5C2429A08F00081797 /* NSObject+MJProperty.m in Sources */ = {isa = PBXBuildFile; fileRef = F061DA4D2429A08F00081797 /* NSObject+MJProperty.m */; };
		F061DA5D2429A08F00081797 /* NSObject+MJClass.m in Sources */ = {isa = PBXBuildFile; fileRef = F061DA4F2429A08F00081797 /* NSObject+MJClass.m */; };
		F061DA5E2429A08F00081797 /* NSString+MJExtension.m in Sources */ = {isa = PBXBuildFile; fileRef = F061DA502429A08F00081797 /* NSString+MJExtension.m */; };
		F061DA5F2429A08F00081797 /* MJPropertyKey.m in Sources */ = {isa = PBXBuildFile; fileRef = F061DA512429A08F00081797 /* MJPropertyKey.m */; };
		F061DA602429A08F00081797 /* MJFoundation.m in Sources */ = {isa = PBXBuildFile; fileRef = F061DA552429A08F00081797 /* MJFoundation.m */; };
		F061DA612429A08F00081797 /* LICENSE in Resources */ = {isa = PBXBuildFile; fileRef = F061DA562429A08F00081797 /* LICENSE */; };
		F061DA652429A1F800081797 /* DJDateListModelManager.m in Sources */ = {isa = PBXBuildFile; fileRef = F061DA642429A1F800081797 /* DJDateListModelManager.m */; };
		F061DA682429A20A00081797 /* DJTaskListModelManager.m in Sources */ = {isa = PBXBuildFile; fileRef = F061DA672429A20A00081797 /* DJTaskListModelManager.m */; };
		F07BC00C23FCDD8F00009D15 /* DJDateListVC.m in Sources */ = {isa = PBXBuildFile; fileRef = F07BC00B23FCDD8F00009D15 /* DJDateListVC.m */; };
		F07BC01023FD0F1F00009D15 /* DJTaskListOfDayVC.m in Sources */ = {isa = PBXBuildFile; fileRef = F07BC00E23FD0F1F00009D15 /* DJTaskListOfDayVC.m */; };
		F07BC01123FD0F1F00009D15 /* DJTaskListOfDayVC.xib in Resources */ = {isa = PBXBuildFile; fileRef = F07BC00F23FD0F1F00009D15 /* DJTaskListOfDayVC.xib */; };
		F07BC01623FD109200009D15 /* DJTaskListTableViewCell.m in Sources */ = {isa = PBXBuildFile; fileRef = F07BC01423FD109200009D15 /* DJTaskListTableViewCell.m */; };
		F07BC01723FD109200009D15 /* DJTaskListTableViewCell.xib in Resources */ = {isa = PBXBuildFile; fileRef = F07BC01523FD109200009D15 /* DJTaskListTableViewCell.xib */; };
		F07BC01B23FD1BA100009D15 /* DJTaskListModel.m in Sources */ = {isa = PBXBuildFile; fileRef = F07BC01A23FD1BA100009D15 /* DJTaskListModel.m */; };
		F07BC02723FE233D00009D15 /* NSDate+DJAdd.m in Sources */ = {isa = PBXBuildFile; fileRef = F07BC02623FE233D00009D15 /* NSDate+DJAdd.m */; };
		F07E1FBA241F1B80000EFE73 /* DJSettingHomeVC.m in Sources */ = {isa = PBXBuildFile; fileRef = F07E1FB8241F1B80000EFE73 /* DJSettingHomeVC.m */; };
		F07E1FBB241F1B80000EFE73 /* DJSettingHomeVC.xib in Resources */ = {isa = PBXBuildFile; fileRef = F07E1FB9241F1B80000EFE73 /* DJSettingHomeVC.xib */; };
		F07E1FBF241F2A13000EFE73 /* DJBluetoothSetVC.m in Sources */ = {isa = PBXBuildFile; fileRef = F07E1FBD241F2A13000EFE73 /* DJBluetoothSetVC.m */; };
		F07E1FC0241F2A13000EFE73 /* DJBluetoothSetVC.xib in Resources */ = {isa = PBXBuildFile; fileRef = F07E1FBE241F2A13000EFE73 /* DJBluetoothSetVC.xib */; };
		F07E1FC3241F5498000EFE73 /* NSString+DJAdd.m in Sources */ = {isa = PBXBuildFile; fileRef = F07E1FC2241F5498000EFE73 /* NSString+DJAdd.m */; };
		F0AF056023FCD9FD0005F522 /* AppDelegate.m in Sources */ = {isa = PBXBuildFile; fileRef = F0AF055F23FCD9FD0005F522 /* AppDelegate.m */; };
		F0AF056323FCD9FD0005F522 /* SceneDelegate.m in Sources */ = {isa = PBXBuildFile; fileRef = F0AF056223FCD9FD0005F522 /* SceneDelegate.m */; };
		F0AF056923FCD9FD0005F522 /* Main.storyboard in Resources */ = {isa = PBXBuildFile; fileRef = F0AF056723FCD9FD0005F522 /* Main.storyboard */; };
		F0AF056C23FCD9FD0005F522 /* DJDailyTasks.xcdatamodeld in Sources */ = {isa = PBXBuildFile; fileRef = F0AF056A23FCD9FD0005F522 /* DJDailyTasks.xcdatamodeld */; };
		F0AF056E23FCD9FE0005F522 /* Assets.xcassets in Resources */ = {isa = PBXBuildFile; fileRef = F0AF056D23FCD9FE0005F522 /* Assets.xcassets */; };
		F0AF057123FCD9FE0005F522 /* LaunchScreen.storyboard in Resources */ = {isa = PBXBuildFile; fileRef = F0AF056F23FCD9FE0005F522 /* LaunchScreen.storyboard */; };
		F0AF057423FCD9FE0005F522 /* main.m in Sources */ = {isa = PBXBuildFile; fileRef = F0AF057323FCD9FE0005F522 /* main.m */; };
/* End PBXBuildFile section */

/* Begin PBXFileReference section */
		F00B3899242C7FB200FD0524 /* DJGlobalData.h */ = {isa = PBXFileReference; lastKnownFileType = sourcecode.c.h; path = DJGlobalData.h; sourceTree = "<group>"; };
		F00B389A242C7FB200FD0524 /* DJGlobalData.m */ = {isa = PBXFileReference; lastKnownFileType = sourcecode.c.objc; path = DJGlobalData.m; sourceTree = "<group>"; };
		F039CC6124346BDB00D5EF13 /* DJLineChartVC.h */ = {isa = PBXFileReference; lastKnownFileType = sourcecode.c.h; path = DJLineChartVC.h; sourceTree = "<group>"; };
		F039CC6224346BDB00D5EF13 /* DJLineChartVC.m */ = {isa = PBXFileReference; lastKnownFileType = sourcecode.c.objc; path = DJLineChartVC.m; sourceTree = "<group>"; };
		F039CC6324346BDB00D5EF13 /* DJLineChartVC.xib */ = {isa = PBXFileReference; lastKnownFileType = file.xib; path = DJLineChartVC.xib; sourceTree = "<group>"; };
		F039CC6724346C0900D5EF13 /* DJLineView.m */ = {isa = PBXFileReference; lastKnownFileType = sourcecode.c.objc; path = DJLineView.m; sourceTree = "<group>"; };
		F039CC6824346C0900D5EF13 /* DJLineView.h */ = {isa = PBXFileReference; lastKnownFileType = sourcecode.c.h; path = DJLineView.h; sourceTree = "<group>"; };
		F039CC6A24346E4200D5EF13 /* UIBezierPath+curved.m */ = {isa = PBXFileReference; fileEncoding = 4; lastKnownFileType = sourcecode.c.objc; path = "UIBezierPath+curved.m"; sourceTree = "<group>"; };
		F039CC6B24346E4200D5EF13 /* UIBezierPath+curved.h */ = {isa = PBXFileReference; fileEncoding = 4; lastKnownFileType = sourcecode.c.h; path = "UIBezierPath+curved.h"; sourceTree = "<group>"; };
		F039CC702435DFC400D5EF13 /* KLineTipBoardView.h */ = {isa = PBXFileReference; fileEncoding = 4; lastKnownFileType = sourcecode.c.h; path = KLineTipBoardView.h; sourceTree = "<group>"; };
		F039CC712435DFC400D5EF13 /* KLineTipBoardView.m */ = {isa = PBXFileReference; fileEncoding = 4; lastKnownFileType = sourcecode.c.objc; path = KLineTipBoardView.m; sourceTree = "<group>"; };
		F039CC732435E07C00D5EF13 /* TipBoardView.m */ = {isa = PBXFileReference; fileEncoding = 4; lastKnownFileType = sourcecode.c.objc; path = TipBoardView.m; sourceTree = "<group>"; };
		F039CC742435E07C00D5EF13 /* TipBoardView.h */ = {isa = PBXFileReference; fileEncoding = 4; lastKnownFileType = sourcecode.c.h; path = TipBoardView.h; sourceTree = "<group>"; };
		F042A095242DF19D00F6270A /* SystemSoundTestVC.h */ = {isa = PBXFileReference; lastKnownFileType = sourcecode.c.h; path = SystemSoundTestVC.h; sourceTree = "<group>"; };
		F042A096242DF19D00F6270A /* SystemSoundTestVC.m */ = {isa = PBXFileReference; lastKnownFileType = sourcecode.c.objc; path = SystemSoundTestVC.m; sourceTree = "<group>"; };
		F042A097242DF19D00F6270A /* SystemSoundTestVC.xib */ = {isa = PBXFileReference; lastKnownFileType = file.xib; path = SystemSoundTestVC.xib; sourceTree = "<group>"; };
		F04C52772413F2E300F91A88 /* SSDayNode.h */ = {isa = PBXFileReference; fileEncoding = 4; lastKnownFileType = sourcecode.c.h; path = SSDayNode.h; sourceTree = "<group>"; };
		F04C52782413F2E300F91A88 /* SSCache.m */ = {isa = PBXFileReference; fileEncoding = 4; lastKnownFileType = sourcecode.c.objc; path = SSCache.m; sourceTree = "<group>"; };
		F04C52792413F2E300F91A88 /* SSMonthNode.m */ = {isa = PBXFileReference; fileEncoding = 4; lastKnownFileType = sourcecode.c.objc; path = SSMonthNode.m; sourceTree = "<group>"; };
		F04C527A2413F2E400F91A88 /* SSEvent.m */ = {isa = PBXFileReference; fileEncoding = 4; lastKnownFileType = sourcecode.c.objc; path = SSEvent.m; sourceTree = "<group>"; };
		F04C527B2413F2E400F91A88 /* SSCalendarCountCache.h */ = {isa = PBXFileReference; fileEncoding = 4; lastKnownFileType = sourcecode.c.h; path = SSCalendarCountCache.h; sourceTree = "<group>"; };
		F04C527C2413F2E400F91A88 /* SSCalendarCache.h */ = {isa = PBXFileReference; fileEncoding = 4; lastKnownFileType = sourcecode.c.h; path = SSCalendarCache.h; sourceTree = "<group>"; };
		F04C527D2413F2E400F91A88 /* SSYearNode.h */ = {isa = PBXFileReference; fileEncoding = 4; lastKnownFileType = sourcecode.c.h; path = SSYearNode.h; sourceTree = "<group>"; };
		F04C527E2413F2E400F91A88 /* SSDayNode.m */ = {isa = PBXFileReference; fileEncoding = 4; lastKnownFileType = sourcecode.c.objc; path = SSDayNode.m; sourceTree = "<group>"; };
		F04C527F2413F2E400F91A88 /* SSMonthNode.h */ = {isa = PBXFileReference; fileEncoding = 4; lastKnownFileType = sourcecode.c.h; path = SSMonthNode.h; sourceTree = "<group>"; };
		F04C52802413F2E400F91A88 /* SSCache.h */ = {isa = PBXFileReference; fileEncoding = 4; lastKnownFileType = sourcecode.c.h; path = SSCache.h; sourceTree = "<group>"; };
		F04C52812413F2E400F91A88 /* SSCalendarCountCache.m */ = {isa = PBXFileReference; fileEncoding = 4; lastKnownFileType = sourcecode.c.objc; path = SSCalendarCountCache.m; sourceTree = "<group>"; };
		F04C52822413F2E400F91A88 /* SSEvent.h */ = {isa = PBXFileReference; fileEncoding = 4; lastKnownFileType = sourcecode.c.h; path = SSEvent.h; sourceTree = "<group>"; };
		F04C52832413F2E400F91A88 /* SSYearNode.m */ = {isa = PBXFileReference; fileEncoding = 4; lastKnownFileType = sourcecode.c.objc; path = SSYearNode.m; sourceTree = "<group>"; };
		F04C52842413F2E400F91A88 /* SSCalendarCache.m */ = {isa = PBXFileReference; fileEncoding = 4; lastKnownFileType = sourcecode.c.objc; path = SSCalendarCache.m; sourceTree = "<group>"; };
		F04C52882413F2E400F91A88 /* SSCalendarMonthlyViewController.h */ = {isa = PBXFileReference; fileEncoding = 4; lastKnownFileType = sourcecode.c.h; path = SSCalendarMonthlyViewController.h; sourceTree = "<group>"; };
		F04C52892413F2E400F91A88 /* SSCalendarMonthlyViewController.xib */ = {isa = PBXFileReference; fileEncoding = 4; lastKnownFileType = file.xib; path = SSCalendarMonthlyViewController.xib; sourceTree = "<group>"; };
		F04C528A2413F2E400F91A88 /* SSCalendarMonthlyViewController.m */ = {isa = PBXFileReference; fileEncoding = 4; lastKnownFileType = sourcecode.c.objc; path = SSCalendarMonthlyViewController.m; sourceTree = "<group>"; };
		F04C528C2413F2E400F91A88 /* SSCalendarMonthlyLayout.m */ = {isa = PBXFileReference; fileEncoding = 4; lastKnownFileType = sourcecode.c.objc; path = SSCalendarMonthlyLayout.m; sourceTree = "<group>"; };
		F04C528D2413F2E400F91A88 /* SSCalendarMonthlyLayout.h */ = {isa = PBXFileReference; fileEncoding = 4; lastKnownFileType = sourcecode.c.h; path = SSCalendarMonthlyLayout.h; sourceTree = "<group>"; };
		F04C528F2413F2E400F91A88 /* SSCalendarMonthlyDataSource.m */ = {isa = PBXFileReference; fileEncoding = 4; lastKnownFileType = sourcecode.c.objc; path = SSCalendarMonthlyDataSource.m; sourceTree = "<group>"; };
		F04C52902413F2E400F91A88 /* SSCalendarMonthlyDataSource.h */ = {isa = PBXFileReference; fileEncoding = 4; lastKnownFileType = sourcecode.c.h; path = SSCalendarMonthlyDataSource.h; sourceTree = "<group>"; };
		F04C52922413F2E400F91A88 /* SSCalendarMonthlyHeaderView.m */ = {isa = PBXFileReference; fileEncoding = 4; lastKnownFileType = sourcecode.c.objc; path = SSCalendarMonthlyHeaderView.m; sourceTree = "<group>"; };
		F04C52932413F2E400F91A88 /* SSCalendarMonthlyHeaderView.h */ = {isa = PBXFileReference; fileEncoding = 4; lastKnownFileType = sourcecode.c.h; path = SSCalendarMonthlyHeaderView.h; sourceTree = "<group>"; };
		F04C52942413F2E400F91A88 /* SSCalendarMonthlyHeaderView.xib */ = {isa = PBXFileReference; fileEncoding = 4; lastKnownFileType = file.xib; path = SSCalendarMonthlyHeaderView.xib; sourceTree = "<group>"; };
		F04C52972413F2E400F91A88 /* SSCalendarAnnualCell.xib */ = {isa = PBXFileReference; fileEncoding = 4; lastKnownFileType = file.xib; path = SSCalendarAnnualCell.xib; sourceTree = "<group>"; };
		F04C52982413F2E400F91A88 /* SSCalendarAnnualCell.m */ = {isa = PBXFileReference; fileEncoding = 4; lastKnownFileType = sourcecode.c.objc; path = SSCalendarAnnualCell.m; sourceTree = "<group>"; };
		F04C52992413F2E400F91A88 /* SSCalendarAnnualCell.h */ = {isa = PBXFileReference; fileEncoding = 4; lastKnownFileType = sourcecode.c.h; path = SSCalendarAnnualCell.h; sourceTree = "<group>"; };
		F04C529B2413F2E400F91A88 /* SSCalendarAnnualViewController.m */ = {isa = PBXFileReference; fileEncoding = 4; lastKnownFileType = sourcecode.c.objc; path = SSCalendarAnnualViewController.m; sourceTree = "<group>"; };
		F04C529C2413F2E400F91A88 /* SSCalendarAnnualViewController.h */ = {isa = PBXFileReference; fileEncoding = 4; lastKnownFileType = sourcecode.c.h; path = SSCalendarAnnualViewController.h; sourceTree = "<group>"; };
		F04C529D2413F2E400F91A88 /* SSCalendarAnnualViewController.xib */ = {isa = PBXFileReference; fileEncoding = 4; lastKnownFileType = file.xib; path = SSCalendarAnnualViewController.xib; sourceTree = "<group>"; };
		F04C529F2413F2E400F91A88 /* SSCalendarAnnualLayout.h */ = {isa = PBXFileReference; fileEncoding = 4; lastKnownFileType = sourcecode.c.h; path = SSCalendarAnnualLayout.h; sourceTree = "<group>"; };
		F04C52A02413F2E400F91A88 /* SSCalendarAnnualLayout.m */ = {isa = PBXFileReference; fileEncoding = 4; lastKnownFileType = sourcecode.c.objc; path = SSCalendarAnnualLayout.m; sourceTree = "<group>"; };
		F04C52A22413F2E400F91A88 /* SSCalendarAnnualDataSource.m */ = {isa = PBXFileReference; fileEncoding = 4; lastKnownFileType = sourcecode.c.objc; path = SSCalendarAnnualDataSource.m; sourceTree = "<group>"; };
		F04C52A32413F2E400F91A88 /* SSCalendarAnnualDataSource.h */ = {isa = PBXFileReference; fileEncoding = 4; lastKnownFileType = sourcecode.c.h; path = SSCalendarAnnualDataSource.h; sourceTree = "<group>"; };
		F04C52A52413F2E400F91A88 /* SSCalendarAnnualHeaderView.m */ = {isa = PBXFileReference; fileEncoding = 4; lastKnownFileType = sourcecode.c.objc; path = SSCalendarAnnualHeaderView.m; sourceTree = "<group>"; };
		F04C52A62413F2E400F91A88 /* SSCalendarAnnualHeaderView.h */ = {isa = PBXFileReference; fileEncoding = 4; lastKnownFileType = sourcecode.c.h; path = SSCalendarAnnualHeaderView.h; sourceTree = "<group>"; };
		F04C52A72413F2E400F91A88 /* SSCalendarAnnualHeaderView.xib */ = {isa = PBXFileReference; fileEncoding = 4; lastKnownFileType = file.xib; path = SSCalendarAnnualHeaderView.xib; sourceTree = "<group>"; };
		F04C52AA2413F2E400F91A88 /* SSCalendarEventsCell.h */ = {isa = PBXFileReference; fileEncoding = 4; lastKnownFileType = sourcecode.c.h; path = SSCalendarEventsCell.h; sourceTree = "<group>"; };
		F04C52AB2413F2E400F91A88 /* SSCalendarEventTableViewCell.h */ = {isa = PBXFileReference; fileEncoding = 4; lastKnownFileType = sourcecode.c.h; path = SSCalendarEventTableViewCell.h; sourceTree = "<group>"; };
		F04C52AC2413F2E400F91A88 /* SSCalendarEventsCell.xib */ = {isa = PBXFileReference; fileEncoding = 4; lastKnownFileType = file.xib; path = SSCalendarEventsCell.xib; sourceTree = "<group>"; };
		F04C52AD2413F2E400F91A88 /* SSCalendarEventsCell.m */ = {isa = PBXFileReference; fileEncoding = 4; lastKnownFileType = sourcecode.c.objc; path = SSCalendarEventsCell.m; sourceTree = "<group>"; };
		F04C52AE2413F2E400F91A88 /* SSCalendarEventTableViewCell.m */ = {isa = PBXFileReference; fileEncoding = 4; lastKnownFileType = sourcecode.c.objc; path = SSCalendarEventTableViewCell.m; sourceTree = "<group>"; };
		F04C52B02413F2E400F91A88 /* SSCalendarDailyViewController.h */ = {isa = PBXFileReference; fileEncoding = 4; lastKnownFileType = sourcecode.c.h; path = SSCalendarDailyViewController.h; sourceTree = "<group>"; };
		F04C52B12413F2E400F91A88 /* SSCalendarDailyViewController.xib */ = {isa = PBXFileReference; fileEncoding = 4; lastKnownFileType = file.xib; path = SSCalendarDailyViewController.xib; sourceTree = "<group>"; };
		F04C52B22413F2E400F91A88 /* SSCalendarDailyViewController.m */ = {isa = PBXFileReference; fileEncoding = 4; lastKnownFileType = sourcecode.c.objc; path = SSCalendarDailyViewController.m; sourceTree = "<group>"; };
		F04C52B42413F2E400F91A88 /* SSCalendarWeekLayout.m */ = {isa = PBXFileReference; fileEncoding = 4; lastKnownFileType = sourcecode.c.objc; path = SSCalendarWeekLayout.m; sourceTree = "<group>"; };
		F04C52B52413F2E400F91A88 /* SSCalendarDayLayout.m */ = {isa = PBXFileReference; fileEncoding = 4; lastKnownFileType = sourcecode.c.objc; path = SSCalendarDayLayout.m; sourceTree = "<group>"; };
		F04C52B62413F2E400F91A88 /* SSCalendarDayLayout.h */ = {isa = PBXFileReference; fileEncoding = 4; lastKnownFileType = sourcecode.c.h; path = SSCalendarDayLayout.h; sourceTree = "<group>"; };
		F04C52B72413F2E400F91A88 /* SSCalendarWeekLayout.h */ = {isa = PBXFileReference; fileEncoding = 4; lastKnownFileType = sourcecode.c.h; path = SSCalendarWeekLayout.h; sourceTree = "<group>"; };
		F04C52B92413F2E400F91A88 /* SSCalendarWeekViewController.m */ = {isa = PBXFileReference; fileEncoding = 4; lastKnownFileType = sourcecode.c.objc; path = SSCalendarWeekViewController.m; sourceTree = "<group>"; };
		F04C52BA2413F2E400F91A88 /* SSCalendarDayViewController.h */ = {isa = PBXFileReference; fileEncoding = 4; lastKnownFileType = sourcecode.c.h; path = SSCalendarDayViewController.h; sourceTree = "<group>"; };
		F04C52BB2413F2E400F91A88 /* SSCalendarWeekHeaderView.m */ = {isa = PBXFileReference; fileEncoding = 4; lastKnownFileType = sourcecode.c.objc; path = SSCalendarWeekHeaderView.m; sourceTree = "<group>"; };
		F04C52BC2413F2E400F91A88 /* SSCalendarEventsTableViewController.h */ = {isa = PBXFileReference; fileEncoding = 4; lastKnownFileType = sourcecode.c.h; path = SSCalendarEventsTableViewController.h; sourceTree = "<group>"; };
		F04C52BD2413F2E400F91A88 /* SSCalendarWeekViewController.h */ = {isa = PBXFileReference; fileEncoding = 4; lastKnownFileType = sourcecode.c.h; path = SSCalendarWeekViewController.h; sourceTree = "<group>"; };
		F04C52BE2413F2E400F91A88 /* SSCalendarDayViewController.m */ = {isa = PBXFileReference; fileEncoding = 4; lastKnownFileType = sourcecode.c.objc; path = SSCalendarDayViewController.m; sourceTree = "<group>"; };
		F04C52BF2413F2E400F91A88 /* SSCalendarEventsTableViewController.m */ = {isa = PBXFileReference; fileEncoding = 4; lastKnownFileType = sourcecode.c.objc; path = SSCalendarEventsTableViewController.m; sourceTree = "<group>"; };
		F04C52C02413F2E400F91A88 /* SSCalendarWeekHeaderView.h */ = {isa = PBXFileReference; fileEncoding = 4; lastKnownFileType = sourcecode.c.h; path = SSCalendarWeekHeaderView.h; sourceTree = "<group>"; };
		F04C52C22413F2E400F91A88 /* SSCalendarDayCell.m */ = {isa = PBXFileReference; fileEncoding = 4; lastKnownFileType = sourcecode.c.objc; path = SSCalendarDayCell.m; sourceTree = "<group>"; };
		F04C52C32413F2E400F91A88 /* SSCalendarDayCell.xib */ = {isa = PBXFileReference; fileEncoding = 4; lastKnownFileType = file.xib; path = SSCalendarDayCell.xib; sourceTree = "<group>"; };
		F04C52C42413F2E400F91A88 /* SSCalendarDayCell.h */ = {isa = PBXFileReference; fileEncoding = 4; lastKnownFileType = sourcecode.c.h; path = SSCalendarDayCell.h; sourceTree = "<group>"; };
		F04C52C62413F2E400F91A88 /* SSDataController.h */ = {isa = PBXFileReference; fileEncoding = 4; lastKnownFileType = sourcecode.c.h; path = SSDataController.h; sourceTree = "<group>"; };
		F04C52C72413F2E400F91A88 /* StellarConversionUtils.m */ = {isa = PBXFileReference; fileEncoding = 4; lastKnownFileType = sourcecode.c.objc; path = StellarConversionUtils.m; sourceTree = "<group>"; };
		F04C52C82413F2E400F91A88 /* SSCalendarUtils.h */ = {isa = PBXFileReference; fileEncoding = 4; lastKnownFileType = sourcecode.c.h; path = SSCalendarUtils.h; sourceTree = "<group>"; };
		F04C52C92413F2E400F91A88 /* SSStyles.m */ = {isa = PBXFileReference; fileEncoding = 4; lastKnownFileType = sourcecode.c.objc; path = SSStyles.m; sourceTree = "<group>"; };
		F04C52CA2413F2E400F91A88 /* UIColor+StellarAdditions.m */ = {isa = PBXFileReference; fileEncoding = 4; lastKnownFileType = sourcecode.c.objc; path = "UIColor+StellarAdditions.m"; sourceTree = "<group>"; };
		F04C52CB2413F2E400F91A88 /* SSDimensions.m */ = {isa = PBXFileReference; fileEncoding = 4; lastKnownFileType = sourcecode.c.objc; path = SSDimensions.m; sourceTree = "<group>"; };
		F04C52CC2413F2E400F91A88 /* StellarConversionUtils.h */ = {isa = PBXFileReference; fileEncoding = 4; lastKnownFileType = sourcecode.c.h; path = StellarConversionUtils.h; sourceTree = "<group>"; };
		F04C52CD2413F2E400F91A88 /* SSConstants.h */ = {isa = PBXFileReference; fileEncoding = 4; lastKnownFileType = sourcecode.c.h; path = SSConstants.h; sourceTree = "<group>"; };
		F04C52CE2413F2E400F91A88 /* SSDataController.m */ = {isa = PBXFileReference; fileEncoding = 4; lastKnownFileType = sourcecode.c.objc; path = SSDataController.m; sourceTree = "<group>"; };
		F04C52CF2413F2E400F91A88 /* SSCalendarUtils.m */ = {isa = PBXFileReference; fileEncoding = 4; lastKnownFileType = sourcecode.c.objc; path = SSCalendarUtils.m; sourceTree = "<group>"; };
		F04C52D02413F2E400F91A88 /* UIColor+StellarAdditions.h */ = {isa = PBXFileReference; fileEncoding = 4; lastKnownFileType = sourcecode.c.h; path = "UIColor+StellarAdditions.h"; sourceTree = "<group>"; };
		F04C52D12413F2E400F91A88 /* SSStyles.h */ = {isa = PBXFileReference; fileEncoding = 4; lastKnownFileType = sourcecode.c.h; path = SSStyles.h; sourceTree = "<group>"; };
		F04C52D22413F2E400F91A88 /* SSColors.h */ = {isa = PBXFileReference; fileEncoding = 4; lastKnownFileType = sourcecode.c.h; path = SSColors.h; sourceTree = "<group>"; };
		F04C52D32413F2E400F91A88 /* SSDimensions.h */ = {isa = PBXFileReference; fileEncoding = 4; lastKnownFileType = sourcecode.c.h; path = SSDimensions.h; sourceTree = "<group>"; };
		F04C52FC2413F35B00F91A88 /* DJCalendarHeader.h */ = {isa = PBXFileReference; fileEncoding = 4; lastKnownFileType = sourcecode.c.h; path = DJCalendarHeader.h; sourceTree = "<group>"; };
		F061DA3A24299F8B00081797 /* DJAirdropVC.h */ = {isa = PBXFileReference; lastKnownFileType = sourcecode.c.h; path = DJAirdropVC.h; sourceTree = "<group>"; };
		F061DA3B24299F8B00081797 /* DJAirdropVC.m */ = {isa = PBXFileReference; lastKnownFileType = sourcecode.c.objc; path = DJAirdropVC.m; sourceTree = "<group>"; };
		F061DA3C24299F8B00081797 /* DJAirdropVC.xib */ = {isa = PBXFileReference; lastKnownFileType = file.xib; path = DJAirdropVC.xib; sourceTree = "<group>"; };
		F061DA412429A08F00081797 /* MJPropertyKey.h */ = {isa = PBXFileReference; fileEncoding = 4; lastKnownFileType = sourcecode.c.h; path = MJPropertyKey.h; sourceTree = "<group>"; };
		F061DA422429A08F00081797 /* NSObject+MJClass.h */ = {isa = PBXFileReference; fileEncoding = 4; lastKnownFileType = sourcecode.c.h; path = "NSObject+MJClass.h"; sourceTree = "<group>"; };
		F061DA432429A08F00081797 /* NSString+MJExtension.h */ = {isa = PBXFileReference; fileEncoding = 4; lastKnownFileType = sourcecode.c.h; path = "NSString+MJExtension.h"; sourceTree = "<group>"; };
		F061DA442429A08F00081797 /* MJPropertyType.m */ = {isa = PBXFileReference; fileEncoding = 4; lastKnownFileType = sourcecode.c.objc; path = MJPropertyType.m; sourceTree = "<group>"; };
		F061DA452429A08F00081797 /* NSObject+MJProperty.h */ = {isa = PBXFileReference; fileEncoding = 4; lastKnownFileType = sourcecode.c.h; path = "NSObject+MJProperty.h"; sourceTree = "<group>"; };
		F061DA462429A08F00081797 /* MJExtensionConst.h */ = {isa = PBXFileReference; fileEncoding = 4; lastKnownFileType = sourcecode.c.h; path = MJExtensionConst.h; sourceTree = "<group>"; };
		F061DA472429A08F00081797 /* NSObject+MJKeyValue.m */ = {isa = PBXFileReference; fileEncoding = 4; lastKnownFileType = sourcecode.c.objc; path = "NSObject+MJKeyValue.m"; sourceTree = "<group>"; };
		F061DA482429A08F00081797 /* MJProperty.m */ = {isa = PBXFileReference; fileEncoding = 4; lastKnownFileType = sourcecode.c.objc; path = MJProperty.m; sourceTree = "<group>"; };
		F061DA492429A08F00081797 /* MJFoundation.h */ = {isa = PBXFileReference; fileEncoding = 4; lastKnownFileType = sourcecode.c.h; path = MJFoundation.h; sourceTree = "<group>"; };
		F061DA4A2429A08F00081797 /* NSObject+MJCoding.m */ = {isa = PBXFileReference; fileEncoding = 4; lastKnownFileType = sourcecode.c.objc; path = "NSObject+MJCoding.m"; sourceTree = "<group>"; };
		F061DA4B2429A08F00081797 /* MJExtension.h */ = {isa = PBXFileReference; fileEncoding = 4; lastKnownFileType = sourcecode.c.h; path = MJExtension.h; sourceTree = "<group>"; };
		F061DA4C2429A08F00081797 /* MJExtensionConst.m */ = {isa = PBXFileReference; fileEncoding = 4; lastKnownFileType = sourcecode.c.objc; path = MJExtensionConst.m; sourceTree = "<group>"; };
		F061DA4D2429A08F00081797 /* NSObject+MJProperty.m */ = {isa = PBXFileReference; fileEncoding = 4; lastKnownFileType = sourcecode.c.objc; path = "NSObject+MJProperty.m"; sourceTree = "<group>"; };
		F061DA4E2429A08F00081797 /* MJPropertyType.h */ = {isa = PBXFileReference; fileEncoding = 4; lastKnownFileType = sourcecode.c.h; path = MJPropertyType.h; sourceTree = "<group>"; };
		F061DA4F2429A08F00081797 /* NSObject+MJClass.m */ = {isa = PBXFileReference; fileEncoding = 4; lastKnownFileType = sourcecode.c.objc; path = "NSObject+MJClass.m"; sourceTree = "<group>"; };
		F061DA502429A08F00081797 /* NSString+MJExtension.m */ = {isa = PBXFileReference; fileEncoding = 4; lastKnownFileType = sourcecode.c.objc; path = "NSString+MJExtension.m"; sourceTree = "<group>"; };
		F061DA512429A08F00081797 /* MJPropertyKey.m */ = {isa = PBXFileReference; fileEncoding = 4; lastKnownFileType = sourcecode.c.objc; path = MJPropertyKey.m; sourceTree = "<group>"; };
		F061DA522429A08F00081797 /* MJProperty.h */ = {isa = PBXFileReference; fileEncoding = 4; lastKnownFileType = sourcecode.c.h; path = MJProperty.h; sourceTree = "<group>"; };
		F061DA532429A08F00081797 /* NSObject+MJKeyValue.h */ = {isa = PBXFileReference; fileEncoding = 4; lastKnownFileType = sourcecode.c.h; path = "NSObject+MJKeyValue.h"; sourceTree = "<group>"; };
		F061DA542429A08F00081797 /* NSObject+MJCoding.h */ = {isa = PBXFileReference; fileEncoding = 4; lastKnownFileType = sourcecode.c.h; path = "NSObject+MJCoding.h"; sourceTree = "<group>"; };
		F061DA552429A08F00081797 /* MJFoundation.m */ = {isa = PBXFileReference; fileEncoding = 4; lastKnownFileType = sourcecode.c.objc; path = MJFoundation.m; sourceTree = "<group>"; };
		F061DA562429A08F00081797 /* LICENSE */ = {isa = PBXFileReference; fileEncoding = 4; lastKnownFileType = text; path = LICENSE; sourceTree = "<group>"; };
		F061DA632429A1F800081797 /* DJDateListModelManager.h */ = {isa = PBXFileReference; lastKnownFileType = sourcecode.c.h; path = DJDateListModelManager.h; sourceTree = "<group>"; };
		F061DA642429A1F800081797 /* DJDateListModelManager.m */ = {isa = PBXFileReference; lastKnownFileType = sourcecode.c.objc; path = DJDateListModelManager.m; sourceTree = "<group>"; };
		F061DA662429A20A00081797 /* DJTaskListModelManager.h */ = {isa = PBXFileReference; lastKnownFileType = sourcecode.c.h; path = DJTaskListModelManager.h; sourceTree = "<group>"; };
		F061DA672429A20A00081797 /* DJTaskListModelManager.m */ = {isa = PBXFileReference; lastKnownFileType = sourcecode.c.objc; path = DJTaskListModelManager.m; sourceTree = "<group>"; };
		F07BC00A23FCDD8F00009D15 /* DJDateListVC.h */ = {isa = PBXFileReference; lastKnownFileType = sourcecode.c.h; path = DJDateListVC.h; sourceTree = "<group>"; };
		F07BC00B23FCDD8F00009D15 /* DJDateListVC.m */ = {isa = PBXFileReference; lastKnownFileType = sourcecode.c.objc; path = DJDateListVC.m; sourceTree = "<group>"; };
		F07BC00D23FD0F1F00009D15 /* DJTaskListOfDayVC.h */ = {isa = PBXFileReference; lastKnownFileType = sourcecode.c.h; path = DJTaskListOfDayVC.h; sourceTree = "<group>"; };
		F07BC00E23FD0F1F00009D15 /* DJTaskListOfDayVC.m */ = {isa = PBXFileReference; lastKnownFileType = sourcecode.c.objc; path = DJTaskListOfDayVC.m; sourceTree = "<group>"; };
		F07BC00F23FD0F1F00009D15 /* DJTaskListOfDayVC.xib */ = {isa = PBXFileReference; lastKnownFileType = file.xib; path = DJTaskListOfDayVC.xib; sourceTree = "<group>"; };
		F07BC01323FD109200009D15 /* DJTaskListTableViewCell.h */ = {isa = PBXFileReference; lastKnownFileType = sourcecode.c.h; path = DJTaskListTableViewCell.h; sourceTree = "<group>"; };
		F07BC01423FD109200009D15 /* DJTaskListTableViewCell.m */ = {isa = PBXFileReference; lastKnownFileType = sourcecode.c.objc; path = DJTaskListTableViewCell.m; sourceTree = "<group>"; };
		F07BC01523FD109200009D15 /* DJTaskListTableViewCell.xib */ = {isa = PBXFileReference; lastKnownFileType = file.xib; path = DJTaskListTableViewCell.xib; sourceTree = "<group>"; };
		F07BC01923FD1BA100009D15 /* DJTaskListModel.h */ = {isa = PBXFileReference; lastKnownFileType = sourcecode.c.h; path = DJTaskListModel.h; sourceTree = "<group>"; };
		F07BC01A23FD1BA100009D15 /* DJTaskListModel.m */ = {isa = PBXFileReference; lastKnownFileType = sourcecode.c.objc; path = DJTaskListModel.m; sourceTree = "<group>"; };
		F07BC02523FE233D00009D15 /* NSDate+DJAdd.h */ = {isa = PBXFileReference; lastKnownFileType = sourcecode.c.h; path = "NSDate+DJAdd.h"; sourceTree = "<group>"; };
		F07BC02623FE233D00009D15 /* NSDate+DJAdd.m */ = {isa = PBXFileReference; lastKnownFileType = sourcecode.c.objc; path = "NSDate+DJAdd.m"; sourceTree = "<group>"; };
		F07BC02823FE23FB00009D15 /* PrefixHeader.pch */ = {isa = PBXFileReference; lastKnownFileType = sourcecode.c.h; path = PrefixHeader.pch; sourceTree = "<group>"; };
		F07E1FB7241F1B80000EFE73 /* DJSettingHomeVC.h */ = {isa = PBXFileReference; lastKnownFileType = sourcecode.c.h; path = DJSettingHomeVC.h; sourceTree = "<group>"; };
		F07E1FB8241F1B80000EFE73 /* DJSettingHomeVC.m */ = {isa = PBXFileReference; lastKnownFileType = sourcecode.c.objc; path = DJSettingHomeVC.m; sourceTree = "<group>"; };
		F07E1FB9241F1B80000EFE73 /* DJSettingHomeVC.xib */ = {isa = PBXFileReference; lastKnownFileType = file.xib; path = DJSettingHomeVC.xib; sourceTree = "<group>"; };
		F07E1FBC241F2A13000EFE73 /* DJBluetoothSetVC.h */ = {isa = PBXFileReference; lastKnownFileType = sourcecode.c.h; path = DJBluetoothSetVC.h; sourceTree = "<group>"; };
		F07E1FBD241F2A13000EFE73 /* DJBluetoothSetVC.m */ = {isa = PBXFileReference; lastKnownFileType = sourcecode.c.objc; path = DJBluetoothSetVC.m; sourceTree = "<group>"; };
		F07E1FBE241F2A13000EFE73 /* DJBluetoothSetVC.xib */ = {isa = PBXFileReference; lastKnownFileType = file.xib; path = DJBluetoothSetVC.xib; sourceTree = "<group>"; };
		F07E1FC1241F5498000EFE73 /* NSString+DJAdd.h */ = {isa = PBXFileReference; lastKnownFileType = sourcecode.c.h; path = "NSString+DJAdd.h"; sourceTree = "<group>"; };
		F07E1FC2241F5498000EFE73 /* NSString+DJAdd.m */ = {isa = PBXFileReference; lastKnownFileType = sourcecode.c.objc; path = "NSString+DJAdd.m"; sourceTree = "<group>"; };
		F0AF055B23FCD9FD0005F522 /* DJDailyTasks.app */ = {isa = PBXFileReference; explicitFileType = wrapper.application; includeInIndex = 0; path = DJDailyTasks.app; sourceTree = BUILT_PRODUCTS_DIR; };
		F0AF055E23FCD9FD0005F522 /* AppDelegate.h */ = {isa = PBXFileReference; lastKnownFileType = sourcecode.c.h; path = AppDelegate.h; sourceTree = "<group>"; };
		F0AF055F23FCD9FD0005F522 /* AppDelegate.m */ = {isa = PBXFileReference; lastKnownFileType = sourcecode.c.objc; path = AppDelegate.m; sourceTree = "<group>"; };
		F0AF056123FCD9FD0005F522 /* SceneDelegate.h */ = {isa = PBXFileReference; lastKnownFileType = sourcecode.c.h; path = SceneDelegate.h; sourceTree = "<group>"; };
		F0AF056223FCD9FD0005F522 /* SceneDelegate.m */ = {isa = PBXFileReference; lastKnownFileType = sourcecode.c.objc; path = SceneDelegate.m; sourceTree = "<group>"; };
		F0AF056823FCD9FD0005F522 /* Base */ = {isa = PBXFileReference; lastKnownFileType = file.storyboard; name = Base; path = Base.lproj/Main.storyboard; sourceTree = "<group>"; };
		F0AF056B23FCD9FD0005F522 /* DJDailyTasks.xcdatamodel */ = {isa = PBXFileReference; lastKnownFileType = wrapper.xcdatamodel; path = DJDailyTasks.xcdatamodel; sourceTree = "<group>"; };
		F0AF056D23FCD9FE0005F522 /* Assets.xcassets */ = {isa = PBXFileReference; lastKnownFileType = folder.assetcatalog; path = Assets.xcassets; sourceTree = "<group>"; };
		F0AF057023FCD9FE0005F522 /* Base */ = {isa = PBXFileReference; lastKnownFileType = file.storyboard; name = Base; path = Base.lproj/LaunchScreen.storyboard; sourceTree = "<group>"; };
		F0AF057223FCD9FE0005F522 /* Info.plist */ = {isa = PBXFileReference; lastKnownFileType = text.plist.xml; path = Info.plist; sourceTree = "<group>"; };
		F0AF057323FCD9FE0005F522 /* main.m */ = {isa = PBXFileReference; lastKnownFileType = sourcecode.c.objc; path = main.m; sourceTree = "<group>"; };
/* End PBXFileReference section */

/* Begin PBXFrameworksBuildPhase section */
		F0AF055823FCD9FD0005F522 /* Frameworks */ = {
			isa = PBXFrameworksBuildPhase;
			buildActionMask = 2147483647;
			files = (
			);
			runOnlyForDeploymentPostprocessing = 0;
		};
/* End PBXFrameworksBuildPhase section */

/* Begin PBXGroup section */
		F039CC6024346B9200D5EF13 /* Charts */ = {
			isa = PBXGroup;
			children = (
				F039CC6624346BE400D5EF13 /* View */,
				F039CC6124346BDB00D5EF13 /* DJLineChartVC.h */,
				F039CC6224346BDB00D5EF13 /* DJLineChartVC.m */,
				F039CC6324346BDB00D5EF13 /* DJLineChartVC.xib */,
			);
			path = Charts;
			sourceTree = "<group>";
		};
		F039CC6624346BE400D5EF13 /* View */ = {
			isa = PBXGroup;
			children = (
				F039CC742435E07C00D5EF13 /* TipBoardView.h */,
				F039CC732435E07C00D5EF13 /* TipBoardView.m */,
				F039CC702435DFC400D5EF13 /* KLineTipBoardView.h */,
				F039CC712435DFC400D5EF13 /* KLineTipBoardView.m */,
				F039CC6824346C0900D5EF13 /* DJLineView.h */,
				F039CC6724346C0900D5EF13 /* DJLineView.m */,
			);
			path = View;
			sourceTree = "<group>";
		};
		F04C52732413F2A900F91A88 /* DJCalendar */ = {
			isa = PBXGroup;
			children = (
				F04C52FC2413F35B00F91A88 /* DJCalendarHeader.h */,
				F04C52752413F2E300F91A88 /* Classes */,
			);
			path = DJCalendar;
			sourceTree = "<group>";
		};
		F04C52752413F2E300F91A88 /* Classes */ = {
			isa = PBXGroup;
			children = (
				F04C52762413F2E300F91A88 /* Models */,
				F04C52852413F2E400F91A88 /* Controllers */,
				F04C52C12413F2E400F91A88 /* Collection View Cells */,
				F04C52C52413F2E400F91A88 /* Base */,
			);
			path = Classes;
			sourceTree = "<group>";
		};
		F04C52762413F2E300F91A88 /* Models */ = {
			isa = PBXGroup;
			children = (
				F04C52802413F2E400F91A88 /* SSCache.h */,
				F04C52782413F2E300F91A88 /* SSCache.m */,
				F04C527C2413F2E400F91A88 /* SSCalendarCache.h */,
				F04C52842413F2E400F91A88 /* SSCalendarCache.m */,
				F04C527B2413F2E400F91A88 /* SSCalendarCountCache.h */,
				F04C52812413F2E400F91A88 /* SSCalendarCountCache.m */,
				F04C52772413F2E300F91A88 /* SSDayNode.h */,
				F04C527E2413F2E400F91A88 /* SSDayNode.m */,
				F04C52822413F2E400F91A88 /* SSEvent.h */,
				F04C527A2413F2E400F91A88 /* SSEvent.m */,
				F04C527F2413F2E400F91A88 /* SSMonthNode.h */,
				F04C52792413F2E300F91A88 /* SSMonthNode.m */,
				F04C527D2413F2E400F91A88 /* SSYearNode.h */,
				F04C52832413F2E400F91A88 /* SSYearNode.m */,
			);
			path = Models;
			sourceTree = "<group>";
		};
		F04C52852413F2E400F91A88 /* Controllers */ = {
			isa = PBXGroup;
			children = (
				F04C52862413F2E400F91A88 /* Month */,
				F04C52952413F2E400F91A88 /* Year */,
				F04C52A82413F2E400F91A88 /* Day */,
			);
			path = Controllers;
			sourceTree = "<group>";
		};
		F04C52862413F2E400F91A88 /* Month */ = {
			isa = PBXGroup;
			children = (
				F04C52872413F2E400F91A88 /* ViewControllers */,
				F04C528B2413F2E400F91A88 /* Layouts */,
				F04C528E2413F2E400F91A88 /* Controllers */,
				F04C52912413F2E400F91A88 /* Views */,
			);
			path = Month;
			sourceTree = "<group>";
		};
		F04C52872413F2E400F91A88 /* ViewControllers */ = {
			isa = PBXGroup;
			children = (
				F04C52882413F2E400F91A88 /* SSCalendarMonthlyViewController.h */,
				F04C528A2413F2E400F91A88 /* SSCalendarMonthlyViewController.m */,
				F04C52892413F2E400F91A88 /* SSCalendarMonthlyViewController.xib */,
			);
			path = ViewControllers;
			sourceTree = "<group>";
		};
		F04C528B2413F2E400F91A88 /* Layouts */ = {
			isa = PBXGroup;
			children = (
				F04C528C2413F2E400F91A88 /* SSCalendarMonthlyLayout.m */,
				F04C528D2413F2E400F91A88 /* SSCalendarMonthlyLayout.h */,
			);
			path = Layouts;
			sourceTree = "<group>";
		};
		F04C528E2413F2E400F91A88 /* Controllers */ = {
			isa = PBXGroup;
			children = (
				F04C528F2413F2E400F91A88 /* SSCalendarMonthlyDataSource.m */,
				F04C52902413F2E400F91A88 /* SSCalendarMonthlyDataSource.h */,
			);
			path = Controllers;
			sourceTree = "<group>";
		};
		F04C52912413F2E400F91A88 /* Views */ = {
			isa = PBXGroup;
			children = (
				F04C52922413F2E400F91A88 /* SSCalendarMonthlyHeaderView.m */,
				F04C52932413F2E400F91A88 /* SSCalendarMonthlyHeaderView.h */,
				F04C52942413F2E400F91A88 /* SSCalendarMonthlyHeaderView.xib */,
			);
			path = Views;
			sourceTree = "<group>";
		};
		F04C52952413F2E400F91A88 /* Year */ = {
			isa = PBXGroup;
			children = (
				F04C52962413F2E400F91A88 /* Cells */,
				F04C529A2413F2E400F91A88 /* ViewControllers */,
				F04C529E2413F2E400F91A88 /* Layouts */,
				F04C52A12413F2E400F91A88 /* Controllers */,
				F04C52A42413F2E400F91A88 /* Views */,
			);
			path = Year;
			sourceTree = "<group>";
		};
		F04C52962413F2E400F91A88 /* Cells */ = {
			isa = PBXGroup;
			children = (
				F04C52972413F2E400F91A88 /* SSCalendarAnnualCell.xib */,
				F04C52982413F2E400F91A88 /* SSCalendarAnnualCell.m */,
				F04C52992413F2E400F91A88 /* SSCalendarAnnualCell.h */,
			);
			path = Cells;
			sourceTree = "<group>";
		};
		F04C529A2413F2E400F91A88 /* ViewControllers */ = {
			isa = PBXGroup;
			children = (
				F04C529C2413F2E400F91A88 /* SSCalendarAnnualViewController.h */,
				F04C529B2413F2E400F91A88 /* SSCalendarAnnualViewController.m */,
				F04C529D2413F2E400F91A88 /* SSCalendarAnnualViewController.xib */,
			);
			path = ViewControllers;
			sourceTree = "<group>";
		};
		F04C529E2413F2E400F91A88 /* Layouts */ = {
			isa = PBXGroup;
			children = (
				F04C529F2413F2E400F91A88 /* SSCalendarAnnualLayout.h */,
				F04C52A02413F2E400F91A88 /* SSCalendarAnnualLayout.m */,
			);
			path = Layouts;
			sourceTree = "<group>";
		};
		F04C52A12413F2E400F91A88 /* Controllers */ = {
			isa = PBXGroup;
			children = (
				F04C52A22413F2E400F91A88 /* SSCalendarAnnualDataSource.m */,
				F04C52A32413F2E400F91A88 /* SSCalendarAnnualDataSource.h */,
			);
			path = Controllers;
			sourceTree = "<group>";
		};
		F04C52A42413F2E400F91A88 /* Views */ = {
			isa = PBXGroup;
			children = (
				F04C52A52413F2E400F91A88 /* SSCalendarAnnualHeaderView.m */,
				F04C52A62413F2E400F91A88 /* SSCalendarAnnualHeaderView.h */,
				F04C52A72413F2E400F91A88 /* SSCalendarAnnualHeaderView.xib */,
			);
			path = Views;
			sourceTree = "<group>";
		};
		F04C52A82413F2E400F91A88 /* Day */ = {
			isa = PBXGroup;
			children = (
				F04C52A92413F2E400F91A88 /* Cells */,
				F04C52AF2413F2E400F91A88 /* ViewControllers */,
				F04C52B32413F2E400F91A88 /* Layouts */,
				F04C52B82413F2E400F91A88 /* Controllers */,
			);
			path = Day;
			sourceTree = "<group>";
		};
		F04C52A92413F2E400F91A88 /* Cells */ = {
			isa = PBXGroup;
			children = (
				F04C52AA2413F2E400F91A88 /* SSCalendarEventsCell.h */,
				F04C52AB2413F2E400F91A88 /* SSCalendarEventTableViewCell.h */,
				F04C52AC2413F2E400F91A88 /* SSCalendarEventsCell.xib */,
				F04C52AD2413F2E400F91A88 /* SSCalendarEventsCell.m */,
				F04C52AE2413F2E400F91A88 /* SSCalendarEventTableViewCell.m */,
			);
			path = Cells;
			sourceTree = "<group>";
		};
		F04C52AF2413F2E400F91A88 /* ViewControllers */ = {
			isa = PBXGroup;
			children = (
				F04C52B02413F2E400F91A88 /* SSCalendarDailyViewController.h */,
				F04C52B12413F2E400F91A88 /* SSCalendarDailyViewController.xib */,
				F04C52B22413F2E400F91A88 /* SSCalendarDailyViewController.m */,
			);
			path = ViewControllers;
			sourceTree = "<group>";
		};
		F04C52B32413F2E400F91A88 /* Layouts */ = {
			isa = PBXGroup;
			children = (
				F04C52B42413F2E400F91A88 /* SSCalendarWeekLayout.m */,
				F04C52B52413F2E400F91A88 /* SSCalendarDayLayout.m */,
				F04C52B62413F2E400F91A88 /* SSCalendarDayLayout.h */,
				F04C52B72413F2E400F91A88 /* SSCalendarWeekLayout.h */,
			);
			path = Layouts;
			sourceTree = "<group>";
		};
		F04C52B82413F2E400F91A88 /* Controllers */ = {
			isa = PBXGroup;
			children = (
				F04C52BA2413F2E400F91A88 /* SSCalendarDayViewController.h */,
				F04C52BE2413F2E400F91A88 /* SSCalendarDayViewController.m */,
				F04C52BC2413F2E400F91A88 /* SSCalendarEventsTableViewController.h */,
				F04C52BF2413F2E400F91A88 /* SSCalendarEventsTableViewController.m */,
				F04C52C02413F2E400F91A88 /* SSCalendarWeekHeaderView.h */,
				F04C52BB2413F2E400F91A88 /* SSCalendarWeekHeaderView.m */,
				F04C52BD2413F2E400F91A88 /* SSCalendarWeekViewController.h */,
				F04C52B92413F2E400F91A88 /* SSCalendarWeekViewController.m */,
			);
			path = Controllers;
			sourceTree = "<group>";
		};
		F04C52C12413F2E400F91A88 /* Collection View Cells */ = {
			isa = PBXGroup;
			children = (
				F04C52C22413F2E400F91A88 /* SSCalendarDayCell.m */,
				F04C52C32413F2E400F91A88 /* SSCalendarDayCell.xib */,
				F04C52C42413F2E400F91A88 /* SSCalendarDayCell.h */,
			);
			path = "Collection View Cells";
			sourceTree = "<group>";
		};
		F04C52C52413F2E400F91A88 /* Base */ = {
			isa = PBXGroup;
			children = (
				F04C52C82413F2E400F91A88 /* SSCalendarUtils.h */,
				F04C52CF2413F2E400F91A88 /* SSCalendarUtils.m */,
				F04C52D22413F2E400F91A88 /* SSColors.h */,
				F04C52CD2413F2E400F91A88 /* SSConstants.h */,
				F04C52C62413F2E400F91A88 /* SSDataController.h */,
				F04C52CE2413F2E400F91A88 /* SSDataController.m */,
				F04C52D32413F2E400F91A88 /* SSDimensions.h */,
				F04C52CB2413F2E400F91A88 /* SSDimensions.m */,
				F04C52D12413F2E400F91A88 /* SSStyles.h */,
				F04C52C92413F2E400F91A88 /* SSStyles.m */,
				F04C52CC2413F2E400F91A88 /* StellarConversionUtils.h */,
				F04C52C72413F2E400F91A88 /* StellarConversionUtils.m */,
				F04C52D02413F2E400F91A88 /* UIColor+StellarAdditions.h */,
				F04C52CA2413F2E400F91A88 /* UIColor+StellarAdditions.m */,
			);
			path = Base;
			sourceTree = "<group>";
		};
		F061DA3F2429A08F00081797 /* MJExtension */ = {
			isa = PBXGroup;
			children = (
				F061DA402429A08F00081797 /* MJExtension */,
				F061DA562429A08F00081797 /* LICENSE */,
			);
			path = MJExtension;
			sourceTree = "<group>";
		};
		F061DA402429A08F00081797 /* MJExtension */ = {
			isa = PBXGroup;
			children = (
				F061DA412429A08F00081797 /* MJPropertyKey.h */,
				F061DA422429A08F00081797 /* NSObject+MJClass.h */,
				F061DA432429A08F00081797 /* NSString+MJExtension.h */,
				F061DA442429A08F00081797 /* MJPropertyType.m */,
				F061DA452429A08F00081797 /* NSObject+MJProperty.h */,
				F061DA462429A08F00081797 /* MJExtensionConst.h */,
				F061DA472429A08F00081797 /* NSObject+MJKeyValue.m */,
				F061DA482429A08F00081797 /* MJProperty.m */,
				F061DA492429A08F00081797 /* MJFoundation.h */,
				F061DA4A2429A08F00081797 /* NSObject+MJCoding.m */,
				F061DA4B2429A08F00081797 /* MJExtension.h */,
				F061DA4C2429A08F00081797 /* MJExtensionConst.m */,
				F061DA4D2429A08F00081797 /* NSObject+MJProperty.m */,
				F061DA4E2429A08F00081797 /* MJPropertyType.h */,
				F061DA4F2429A08F00081797 /* NSObject+MJClass.m */,
				F061DA502429A08F00081797 /* NSString+MJExtension.m */,
				F061DA512429A08F00081797 /* MJPropertyKey.m */,
				F061DA522429A08F00081797 /* MJProperty.h */,
				F061DA532429A08F00081797 /* NSObject+MJKeyValue.h */,
				F061DA542429A08F00081797 /* NSObject+MJCoding.h */,
				F061DA552429A08F00081797 /* MJFoundation.m */,
			);
			path = MJExtension;
			sourceTree = "<group>";
		};
		F061DA622429A13700081797 /* Utilits */ = {
			isa = PBXGroup;
			children = (
				F061DA632429A1F800081797 /* DJDateListModelManager.h */,
				F061DA642429A1F800081797 /* DJDateListModelManager.m */,
				F061DA662429A20A00081797 /* DJTaskListModelManager.h */,
				F061DA672429A20A00081797 /* DJTaskListModelManager.m */,
				F00B3899242C7FB200FD0524 /* DJGlobalData.h */,
				F00B389A242C7FB200FD0524 /* DJGlobalData.m */,
			);
			path = Utilits;
			sourceTree = "<group>";
		};
		F07BC00823FCDD4800009D15 /* Interface */ = {
			isa = PBXGroup;
			children = (
				F039CC6024346B9200D5EF13 /* Charts */,
				F061DA622429A13700081797 /* Utilits */,
				F07E1FB6241F1B43000EFE73 /* Setting */,
				F07BC00A23FCDD8F00009D15 /* DJDateListVC.h */,
				F07BC00B23FCDD8F00009D15 /* DJDateListVC.m */,
				F07BC00D23FD0F1F00009D15 /* DJTaskListOfDayVC.h */,
				F07BC00E23FD0F1F00009D15 /* DJTaskListOfDayVC.m */,
				F07BC00F23FD0F1F00009D15 /* DJTaskListOfDayVC.xib */,
				F07BC01823FD1B8300009D15 /* Model */,
				F07BC01223FD104700009D15 /* View */,
			);
			path = Interface;
			sourceTree = "<group>";
		};
		F07BC01223FD104700009D15 /* View */ = {
			isa = PBXGroup;
			children = (
				F07BC01323FD109200009D15 /* DJTaskListTableViewCell.h */,
				F07BC01423FD109200009D15 /* DJTaskListTableViewCell.m */,
				F07BC01523FD109200009D15 /* DJTaskListTableViewCell.xib */,
			);
			path = View;
			sourceTree = "<group>";
		};
		F07BC01823FD1B8300009D15 /* Model */ = {
			isa = PBXGroup;
			children = (
				F07BC01923FD1BA100009D15 /* DJTaskListModel.h */,
				F07BC01A23FD1BA100009D15 /* DJTaskListModel.m */,
			);
			path = Model;
			sourceTree = "<group>";
		};
		F07BC02223FE230000009D15 /* DJKit */ = {
			isa = PBXGroup;
			children = (
				F061DA3F2429A08F00081797 /* MJExtension */,
				F04C52732413F2A900F91A88 /* DJCalendar */,
				F07BC02323FE231400009D15 /* Base */,
			);
			path = DJKit;
			sourceTree = "<group>";
		};
		F07BC02323FE231400009D15 /* Base */ = {
			isa = PBXGroup;
			children = (
				F07BC02423FE232200009D15 /* Foundation */,
			);
			path = Base;
			sourceTree = "<group>";
		};
		F07BC02423FE232200009D15 /* Foundation */ = {
			isa = PBXGroup;
			children = (
				F039CC6B24346E4200D5EF13 /* UIBezierPath+curved.h */,
				F039CC6A24346E4200D5EF13 /* UIBezierPath+curved.m */,
				F07BC02523FE233D00009D15 /* NSDate+DJAdd.h */,
				F07BC02623FE233D00009D15 /* NSDate+DJAdd.m */,
				F07E1FC1241F5498000EFE73 /* NSString+DJAdd.h */,
				F07E1FC2241F5498000EFE73 /* NSString+DJAdd.m */,
			);
			path = Foundation;
			sourceTree = "<group>";
		};
		F07E1FB5241F1B0A000EFE73 /* Other */ = {
			isa = PBXGroup;
			children = (
				F07BC02823FE23FB00009D15 /* PrefixHeader.pch */,
				F0AF056123FCD9FD0005F522 /* SceneDelegate.h */,
				F0AF056223FCD9FD0005F522 /* SceneDelegate.m */,
				F0AF055E23FCD9FD0005F522 /* AppDelegate.h */,
				F0AF055F23FCD9FD0005F522 /* AppDelegate.m */,
			);
			path = Other;
			sourceTree = "<group>";
		};
		F07E1FB6241F1B43000EFE73 /* Setting */ = {
			isa = PBXGroup;
			children = (
				F07E1FB7241F1B80000EFE73 /* DJSettingHomeVC.h */,
				F07E1FB8241F1B80000EFE73 /* DJSettingHomeVC.m */,
				F07E1FB9241F1B80000EFE73 /* DJSettingHomeVC.xib */,
				F07E1FBC241F2A13000EFE73 /* DJBluetoothSetVC.h */,
				F07E1FBD241F2A13000EFE73 /* DJBluetoothSetVC.m */,
				F07E1FBE241F2A13000EFE73 /* DJBluetoothSetVC.xib */,
				F061DA3A24299F8B00081797 /* DJAirdropVC.h */,
				F061DA3B24299F8B00081797 /* DJAirdropVC.m */,
				F061DA3C24299F8B00081797 /* DJAirdropVC.xib */,
				F042A095242DF19D00F6270A /* SystemSoundTestVC.h */,
				F042A096242DF19D00F6270A /* SystemSoundTestVC.m */,
				F042A097242DF19D00F6270A /* SystemSoundTestVC.xib */,
			);
			path = Setting;
			sourceTree = "<group>";
		};
		F0AF055223FCD9FD0005F522 = {
			isa = PBXGroup;
			children = (
				F07BC02223FE230000009D15 /* DJKit */,
				F0AF055D23FCD9FD0005F522 /* DJDailyTasks */,
				F0AF055C23FCD9FD0005F522 /* Products */,
			);
			sourceTree = "<group>";
		};
		F0AF055C23FCD9FD0005F522 /* Products */ = {
			isa = PBXGroup;
			children = (
				F0AF055B23FCD9FD0005F522 /* DJDailyTasks.app */,
			);
			name = Products;
			sourceTree = "<group>";
		};
		F0AF055D23FCD9FD0005F522 /* DJDailyTasks */ = {
			isa = PBXGroup;
			children = (
				F0AF056723FCD9FD0005F522 /* Main.storyboard */,
				F0AF056F23FCD9FE0005F522 /* LaunchScreen.storyboard */,
				F0AF056A23FCD9FD0005F522 /* DJDailyTasks.xcdatamodeld */,
				F0AF057223FCD9FE0005F522 /* Info.plist */,
				F0AF056D23FCD9FE0005F522 /* Assets.xcassets */,
				F0AF057323FCD9FE0005F522 /* main.m */,
				F07E1FB5241F1B0A000EFE73 /* Other */,
				F07BC00823FCDD4800009D15 /* Interface */,
			);
			path = DJDailyTasks;
			sourceTree = "<group>";
		};
/* End PBXGroup section */

/* Begin PBXNativeTarget section */
		F0AF055A23FCD9FD0005F522 /* DJDailyTasks */ = {
			isa = PBXNativeTarget;
			buildConfigurationList = F0AF057723FCD9FE0005F522 /* Build configuration list for PBXNativeTarget "DJDailyTasks" */;
			buildPhases = (
				F0AF055723FCD9FD0005F522 /* Sources */,
				F0AF055823FCD9FD0005F522 /* Frameworks */,
				F0AF055923FCD9FD0005F522 /* Resources */,
			);
			buildRules = (
			);
			dependencies = (
			);
			name = DJDailyTasks;
			productName = DJDailyTasks;
			productReference = F0AF055B23FCD9FD0005F522 /* DJDailyTasks.app */;
			productType = "com.apple.product-type.application";
		};
/* End PBXNativeTarget section */

/* Begin PBXProject section */
		F0AF055323FCD9FD0005F522 /* Project object */ = {
			isa = PBXProject;
			attributes = {
				LastUpgradeCheck = 1130;
				ORGANIZATIONNAME = dingjianjaja;
				TargetAttributes = {
					F0AF055A23FCD9FD0005F522 = {
						CreatedOnToolsVersion = 11.3.1;
					};
				};
			};
			buildConfigurationList = F0AF055623FCD9FD0005F522 /* Build configuration list for PBXProject "DJDailyTasks" */;
			compatibilityVersion = "Xcode 9.3";
			developmentRegion = en;
			hasScannedForEncodings = 0;
			knownRegions = (
				en,
				Base,
			);
			mainGroup = F0AF055223FCD9FD0005F522;
			productRefGroup = F0AF055C23FCD9FD0005F522 /* Products */;
			projectDirPath = "";
			projectRoot = "";
			targets = (
				F0AF055A23FCD9FD0005F522 /* DJDailyTasks */,
			);
		};
/* End PBXProject section */

/* Begin PBXResourcesBuildPhase section */
		F0AF055923FCD9FD0005F522 /* Resources */ = {
			isa = PBXResourcesBuildPhase;
			buildActionMask = 2147483647;
			files = (
				F04C52E12413F2E400F91A88 /* SSCalendarAnnualCell.xib in Resources */,
				F04C52E92413F2E400F91A88 /* SSCalendarEventsCell.xib in Resources */,
				F07E1FBB241F1B80000EFE73 /* DJSettingHomeVC.xib in Resources */,
				F04C52DB2413F2E400F91A88 /* SSCalendarMonthlyViewController.xib in Resources */,
				F0AF057123FCD9FE0005F522 /* LaunchScreen.storyboard in Resources */,
				F04C52E02413F2E400F91A88 /* SSCalendarMonthlyHeaderView.xib in Resources */,
				F04C52E42413F2E400F91A88 /* SSCalendarAnnualViewController.xib in Resources */,
				F07E1FC0241F2A13000EFE73 /* DJBluetoothSetVC.xib in Resources */,
				F061DA612429A08F00081797 /* LICENSE in Resources */,
				F061DA3E24299F8C00081797 /* DJAirdropVC.xib in Resources */,
				F07BC01723FD109200009D15 /* DJTaskListTableViewCell.xib in Resources */,
				F039CC6524346BDB00D5EF13 /* DJLineChartVC.xib in Resources */,
				F042A099242DF19D00F6270A /* SystemSoundTestVC.xib in Resources */,
				F0AF056E23FCD9FE0005F522 /* Assets.xcassets in Resources */,
				F04C52EC2413F2E400F91A88 /* SSCalendarDailyViewController.xib in Resources */,
				F04C52F52413F2E400F91A88 /* SSCalendarDayCell.xib in Resources */,
				F0AF056923FCD9FD0005F522 /* Main.storyboard in Resources */,
				F04C52E82413F2E400F91A88 /* SSCalendarAnnualHeaderView.xib in Resources */,
				F07BC01123FD0F1F00009D15 /* DJTaskListOfDayVC.xib in Resources */,
			);
			runOnlyForDeploymentPostprocessing = 0;
		};
/* End PBXResourcesBuildPhase section */

/* Begin PBXSourcesBuildPhase section */
		F0AF055723FCD9FD0005F522 /* Sources */ = {
			isa = PBXSourcesBuildPhase;
			buildActionMask = 2147483647;
			files = (
				F04C52DA2413F2E400F91A88 /* SSCalendarCache.m in Sources */,
				F061DA5D2429A08F00081797 /* NSObject+MJClass.m in Sources */,
				F07E1FC3241F5498000EFE73 /* NSString+DJAdd.m in Sources */,
				F04C52E62413F2E400F91A88 /* SSCalendarAnnualDataSource.m in Sources */,
				F04C52DD2413F2E400F91A88 /* SSCalendarMonthlyLayout.m in Sources */,
				F039CC722435DFC400D5EF13 /* KLineTipBoardView.m in Sources */,
				F04C52F92413F2E400F91A88 /* SSDimensions.m in Sources */,
				F04C52E32413F2E400F91A88 /* SSCalendarAnnualViewController.m in Sources */,
				F04C52ED2413F2E400F91A88 /* SSCalendarDailyViewController.m in Sources */,
				F04C52F12413F2E400F91A88 /* SSCalendarWeekHeaderView.m in Sources */,
				F061DA682429A20A00081797 /* DJTaskListModelManager.m in Sources */,
				F04C52D62413F2E400F91A88 /* SSEvent.m in Sources */,
				F04C52E22413F2E400F91A88 /* SSCalendarAnnualCell.m in Sources */,
				F00B389B242C7FB200FD0524 /* DJGlobalData.m in Sources */,
				F04C52F42413F2E400F91A88 /* SSCalendarDayCell.m in Sources */,
				F04C52F82413F2E400F91A88 /* UIColor+StellarAdditions.m in Sources */,
				F07BC02723FE233D00009D15 /* NSDate+DJAdd.m in Sources */,
				F039CC6C24346E4200D5EF13 /* UIBezierPath+curved.m in Sources */,
				F061DA5C2429A08F00081797 /* NSObject+MJProperty.m in Sources */,
				F04C52E52413F2E400F91A88 /* SSCalendarAnnualLayout.m in Sources */,
				F0AF057423FCD9FE0005F522 /* main.m in Sources */,
				F04C52D52413F2E400F91A88 /* SSMonthNode.m in Sources */,
				F0AF056C23FCD9FD0005F522 /* DJDailyTasks.xcdatamodeld in Sources */,
				F04C52E72413F2E400F91A88 /* SSCalendarAnnualHeaderView.m in Sources */,
				F07BC01B23FD1BA100009D15 /* DJTaskListModel.m in Sources */,
				F039CC752435E07D00D5EF13 /* TipBoardView.m in Sources */,
				F061DA592429A08F00081797 /* MJProperty.m in Sources */,
				F04C52EF2413F2E400F91A88 /* SSCalendarDayLayout.m in Sources */,
				F061DA602429A08F00081797 /* MJFoundation.m in Sources */,
				F04C52EE2413F2E400F91A88 /* SSCalendarWeekLayout.m in Sources */,
				F039CC6424346BDB00D5EF13 /* DJLineChartVC.m in Sources */,
				F061DA572429A08F00081797 /* MJPropertyType.m in Sources */,
				F07E1FBF241F2A13000EFE73 /* DJBluetoothSetVC.m in Sources */,
				F07BC00C23FCDD8F00009D15 /* DJDateListVC.m in Sources */,
				F04C52D92413F2E400F91A88 /* SSYearNode.m in Sources */,
				F0AF056023FCD9FD0005F522 /* AppDelegate.m in Sources */,
				F0AF056323FCD9FD0005F522 /* SceneDelegate.m in Sources */,
				F061DA5A2429A08F00081797 /* NSObject+MJCoding.m in Sources */,
				F061DA5F2429A08F00081797 /* MJPropertyKey.m in Sources */,
				F061DA5E2429A08F00081797 /* NSString+MJExtension.m in Sources */,
				F07BC01623FD109200009D15 /* DJTaskListTableViewCell.m in Sources */,
				F04C52F32413F2E400F91A88 /* SSCalendarEventsTableViewController.m in Sources */,
				F04C52DC2413F2E400F91A88 /* SSCalendarMonthlyViewController.m in Sources */,
				F042A098242DF19D00F6270A /* SystemSoundTestVC.m in Sources */,
				F04C52F72413F2E400F91A88 /* SSStyles.m in Sources */,
				F04C52EB2413F2E400F91A88 /* SSCalendarEventTableViewCell.m in Sources */,
				F061DA652429A1F800081797 /* DJDateListModelManager.m in Sources */,
				F04C52FB2413F2E400F91A88 /* SSCalendarUtils.m in Sources */,
				F04C52F02413F2E400F91A88 /* SSCalendarWeekViewController.m in Sources */,
				F04C52D42413F2E400F91A88 /* SSCache.m in Sources */,
				F061DA3D24299F8C00081797 /* DJAirdropVC.m in Sources */,
				F04C52DF2413F2E400F91A88 /* SSCalendarMonthlyHeaderView.m in Sources */,
				F04C52D72413F2E400F91A88 /* SSDayNode.m in Sources */,
				F04C52FA2413F2E400F91A88 /* SSDataController.m in Sources */,
				F04C52F22413F2E400F91A88 /* SSCalendarDayViewController.m in Sources */,
				F04C52DE2413F2E400F91A88 /* SSCalendarMonthlyDataSource.m in Sources */,
				F04C52D82413F2E400F91A88 /* SSCalendarCountCache.m in Sources */,
				F04C52F62413F2E400F91A88 /* StellarConversionUtils.m in Sources */,
				F04C52EA2413F2E400F91A88 /* SSCalendarEventsCell.m in Sources */,
				F061DA5B2429A08F00081797 /* MJExtensionConst.m in Sources */,
				F07E1FBA241F1B80000EFE73 /* DJSettingHomeVC.m in Sources */,
				F07BC01023FD0F1F00009D15 /* DJTaskListOfDayVC.m in Sources */,
				F039CC6924346DC300D5EF13 /* DJLineView.m in Sources */,
				F061DA582429A08F00081797 /* NSObject+MJKeyValue.m in Sources */,
			);
			runOnlyForDeploymentPostprocessing = 0;
		};
/* End PBXSourcesBuildPhase section */

/* Begin PBXVariantGroup section */
		F0AF056723FCD9FD0005F522 /* Main.storyboard */ = {
			isa = PBXVariantGroup;
			children = (
				F0AF056823FCD9FD0005F522 /* Base */,
			);
			name = Main.storyboard;
			sourceTree = "<group>";
		};
		F0AF056F23FCD9FE0005F522 /* LaunchScreen.storyboard */ = {
			isa = PBXVariantGroup;
			children = (
				F0AF057023FCD9FE0005F522 /* Base */,
			);
			name = LaunchScreen.storyboard;
			sourceTree = "<group>";
		};
/* End PBXVariantGroup section */

/* Begin XCBuildConfiguration section */
		F0AF057523FCD9FE0005F522 /* Debug */ = {
			isa = XCBuildConfiguration;
			buildSettings = {
				ALWAYS_SEARCH_USER_PATHS = NO;
				CLANG_ANALYZER_NONNULL = YES;
				CLANG_ANALYZER_NUMBER_OBJECT_CONVERSION = YES_AGGRESSIVE;
				CLANG_CXX_LANGUAGE_STANDARD = "gnu++14";
				CLANG_CXX_LIBRARY = "libc++";
				CLANG_ENABLE_MODULES = YES;
				CLANG_ENABLE_OBJC_ARC = YES;
				CLANG_ENABLE_OBJC_WEAK = YES;
				CLANG_WARN_BLOCK_CAPTURE_AUTORELEASING = YES;
				CLANG_WARN_BOOL_CONVERSION = YES;
				CLANG_WARN_COMMA = YES;
				CLANG_WARN_CONSTANT_CONVERSION = YES;
				CLANG_WARN_DEPRECATED_OBJC_IMPLEMENTATIONS = YES;
				CLANG_WARN_DIRECT_OBJC_ISA_USAGE = YES_ERROR;
				CLANG_WARN_DOCUMENTATION_COMMENTS = YES;
				CLANG_WARN_EMPTY_BODY = YES;
				CLANG_WARN_ENUM_CONVERSION = YES;
				CLANG_WARN_INFINITE_RECURSION = YES;
				CLANG_WARN_INT_CONVERSION = YES;
				CLANG_WARN_NON_LITERAL_NULL_CONVERSION = YES;
				CLANG_WARN_OBJC_IMPLICIT_RETAIN_SELF = YES;
				CLANG_WARN_OBJC_LITERAL_CONVERSION = YES;
				CLANG_WARN_OBJC_ROOT_CLASS = YES_ERROR;
				CLANG_WARN_RANGE_LOOP_ANALYSIS = YES;
				CLANG_WARN_STRICT_PROTOTYPES = YES;
				CLANG_WARN_SUSPICIOUS_MOVE = YES;
				CLANG_WARN_UNGUARDED_AVAILABILITY = YES_AGGRESSIVE;
				CLANG_WARN_UNREACHABLE_CODE = YES;
				CLANG_WARN__DUPLICATE_METHOD_MATCH = YES;
				COPY_PHASE_STRIP = NO;
				DEBUG_INFORMATION_FORMAT = dwarf;
				ENABLE_STRICT_OBJC_MSGSEND = YES;
				ENABLE_TESTABILITY = YES;
				GCC_C_LANGUAGE_STANDARD = gnu11;
				GCC_DYNAMIC_NO_PIC = NO;
				GCC_INCREASE_PRECOMPILED_HEADER_SHARING = NO;
				GCC_NO_COMMON_BLOCKS = YES;
				GCC_OPTIMIZATION_LEVEL = 0;
				GCC_PRECOMPILE_PREFIX_HEADER = YES;
				GCC_PREFIX_HEADER = PrefixHeader.pch;
				GCC_PREPROCESSOR_DEFINITIONS = (
					"DEBUG=1",
					"$(inherited)",
				);
				GCC_WARN_64_TO_32_BIT_CONVERSION = YES;
				GCC_WARN_ABOUT_RETURN_TYPE = YES_ERROR;
				GCC_WARN_UNDECLARED_SELECTOR = YES;
				GCC_WARN_UNINITIALIZED_AUTOS = YES_AGGRESSIVE;
				GCC_WARN_UNUSED_FUNCTION = YES;
				GCC_WARN_UNUSED_VARIABLE = YES;
				IPHONEOS_DEPLOYMENT_TARGET = 13.2;
				MTL_ENABLE_DEBUG_INFO = INCLUDE_SOURCE;
				MTL_FAST_MATH = YES;
				ONLY_ACTIVE_ARCH = YES;
				SDKROOT = iphoneos;
			};
			name = Debug;
		};
		F0AF057623FCD9FE0005F522 /* Release */ = {
			isa = XCBuildConfiguration;
			buildSettings = {
				ALWAYS_SEARCH_USER_PATHS = NO;
				CLANG_ANALYZER_NONNULL = YES;
				CLANG_ANALYZER_NUMBER_OBJECT_CONVERSION = YES_AGGRESSIVE;
				CLANG_CXX_LANGUAGE_STANDARD = "gnu++14";
				CLANG_CXX_LIBRARY = "libc++";
				CLANG_ENABLE_MODULES = YES;
				CLANG_ENABLE_OBJC_ARC = YES;
				CLANG_ENABLE_OBJC_WEAK = YES;
				CLANG_WARN_BLOCK_CAPTURE_AUTORELEASING = YES;
				CLANG_WARN_BOOL_CONVERSION = YES;
				CLANG_WARN_COMMA = YES;
				CLANG_WARN_CONSTANT_CONVERSION = YES;
				CLANG_WARN_DEPRECATED_OBJC_IMPLEMENTATIONS = YES;
				CLANG_WARN_DIRECT_OBJC_ISA_USAGE = YES_ERROR;
				CLANG_WARN_DOCUMENTATION_COMMENTS = YES;
				CLANG_WARN_EMPTY_BODY = YES;
				CLANG_WARN_ENUM_CONVERSION = YES;
				CLANG_WARN_INFINITE_RECURSION = YES;
				CLANG_WARN_INT_CONVERSION = YES;
				CLANG_WARN_NON_LITERAL_NULL_CONVERSION = YES;
				CLANG_WARN_OBJC_IMPLICIT_RETAIN_SELF = YES;
				CLANG_WARN_OBJC_LITERAL_CONVERSION = YES;
				CLANG_WARN_OBJC_ROOT_CLASS = YES_ERROR;
				CLANG_WARN_RANGE_LOOP_ANALYSIS = YES;
				CLANG_WARN_STRICT_PROTOTYPES = YES;
				CLANG_WARN_SUSPICIOUS_MOVE = YES;
				CLANG_WARN_UNGUARDED_AVAILABILITY = YES_AGGRESSIVE;
				CLANG_WARN_UNREACHABLE_CODE = YES;
				CLANG_WARN__DUPLICATE_METHOD_MATCH = YES;
				COPY_PHASE_STRIP = NO;
				DEBUG_INFORMATION_FORMAT = "dwarf-with-dsym";
				ENABLE_NS_ASSERTIONS = NO;
				ENABLE_STRICT_OBJC_MSGSEND = YES;
				GCC_C_LANGUAGE_STANDARD = gnu11;
				GCC_INCREASE_PRECOMPILED_HEADER_SHARING = NO;
				GCC_NO_COMMON_BLOCKS = YES;
				GCC_PRECOMPILE_PREFIX_HEADER = YES;
				GCC_PREFIX_HEADER = PrefixHeader.pch;
				GCC_WARN_64_TO_32_BIT_CONVERSION = YES;
				GCC_WARN_ABOUT_RETURN_TYPE = YES_ERROR;
				GCC_WARN_UNDECLARED_SELECTOR = YES;
				GCC_WARN_UNINITIALIZED_AUTOS = YES_AGGRESSIVE;
				GCC_WARN_UNUSED_FUNCTION = YES;
				GCC_WARN_UNUSED_VARIABLE = YES;
				IPHONEOS_DEPLOYMENT_TARGET = 13.2;
				MTL_ENABLE_DEBUG_INFO = NO;
				MTL_FAST_MATH = YES;
				SDKROOT = iphoneos;
				VALIDATE_PRODUCT = YES;
			};
			name = Release;
		};
		F0AF057823FCD9FE0005F522 /* Debug */ = {
			isa = XCBuildConfiguration;
			buildSettings = {
				ASSETCATALOG_COMPILER_APPICON_NAME = AppIcon;
				CODE_SIGN_STYLE = Automatic;
				DEVELOPMENT_TEAM = 6YB452KDQY;
				GCC_INCREASE_PRECOMPILED_HEADER_SHARING = NO;
				GCC_PREFIX_HEADER = DJDailyTasks/Other/PrefixHeader.pch;
				INFOPLIST_FILE = DJDailyTasks/Info.plist;
				IPHONEOS_DEPLOYMENT_TARGET = 11.0;
				LD_RUNPATH_SEARCH_PATHS = (
					"$(inherited)",
					"@executable_path/Frameworks",
				);
				PRODUCT_BUNDLE_IDENTIFIER = com.tyicd.DJDailyTasks01;
				PRODUCT_NAME = "$(TARGET_NAME)";
				TARGETED_DEVICE_FAMILY = "1,2";
			};
			name = Debug;
		};
		F0AF057923FCD9FE0005F522 /* Release */ = {
			isa = XCBuildConfiguration;
			buildSettings = {
				ASSETCATALOG_COMPILER_APPICON_NAME = AppIcon;
				CODE_SIGN_STYLE = Automatic;
				DEVELOPMENT_TEAM = 6YB452KDQY;
				GCC_INCREASE_PRECOMPILED_HEADER_SHARING = NO;
				GCC_PREFIX_HEADER = DJDailyTasks/Other/PrefixHeader.pch;
				INFOPLIST_FILE = DJDailyTasks/Info.plist;
				IPHONEOS_DEPLOYMENT_TARGET = 11.0;
				LD_RUNPATH_SEARCH_PATHS = (
					"$(inherited)",
					"@executable_path/Frameworks",
				);
				PRODUCT_BUNDLE_IDENTIFIER = com.tyicd.DJDailyTasks01;
				PRODUCT_NAME = "$(TARGET_NAME)";
				TARGETED_DEVICE_FAMILY = "1,2";
			};
			name = Release;
		};
/* End XCBuildConfiguration section */

/* Begin XCConfigurationList section */
		F0AF055623FCD9FD0005F522 /* Build configuration list for PBXProject "DJDailyTasks" */ = {
			isa = XCConfigurationList;
			buildConfigurations = (
				F0AF057523FCD9FE0005F522 /* Debug */,
				F0AF057623FCD9FE0005F522 /* Release */,
			);
			defaultConfigurationIsVisible = 0;
			defaultConfigurationName = Release;
		};
		F0AF057723FCD9FE0005F522 /* Build configuration list for PBXNativeTarget "DJDailyTasks" */ = {
			isa = XCConfigurationList;
			buildConfigurations = (
				F0AF057823FCD9FE0005F522 /* Debug */,
				F0AF057923FCD9FE0005F522 /* Release */,
			);
			defaultConfigurationIsVisible = 0;
			defaultConfigurationName = Release;
		};
/* End XCConfigurationList section */

/* Begin XCVersionGroup section */
		F0AF056A23FCD9FD0005F522 /* DJDailyTasks.xcdatamodeld */ = {
			isa = XCVersionGroup;
			children = (
				F0AF056B23FCD9FD0005F522 /* DJDailyTasks.xcdatamodel */,
			);
			currentVersion = F0AF056B23FCD9FD0005F522 /* DJDailyTasks.xcdatamodel */;
			path = DJDailyTasks.xcdatamodeld;
			sourceTree = "<group>";
			versionGroupType = wrapper.xcdatamodel;
		};
/* End XCVersionGroup section */
	};
	rootObject = F0AF055323FCD9FD0005F522 /* Project object */;
}
